
Microsoft Visual Studio Solution File, Format Version 12.00
# Visual Studio 15
VisualStudioVersion = 15.0.28010.2048
MinimumVisualStudioVersion = 10.0.40219.1
Project("{FAE04EC0-301F-11D3-BF4B-00C04F79EFBC}") = "Popup_Demo.Android", "Popup_Demo\Popup_Demo.Android\Popup_Demo.Android.csproj", "{8FEA6F7B-B788-499A-A1DC-4631CAA9F618}"
EndProject
Project("{FAE04EC0-301F-11D3-BF4B-00C04F79EFBC}") = "Popup_Demo.iOS", "Popup_Demo\Popup_Demo.iOS\Popup_Demo.iOS.csproj", "{ABF8CAD5-3533-44E9-8546-4D2F21D9F66E}"
EndProject
Project("{FAE04EC0-301F-11D3-BF4B-00C04F79EFBC}") = "Popup_Demo.UWP", "Popup_Demo\Popup_Demo.UWP\Popup_Demo.UWP.csproj", "{B93C06A8-8099-4883-89B9-D0B7D190CA2C}"
EndProject
Project("{9A19103F-16F7-4668-BE54-9A1E7A4F7556}") = "Popup_Demo", "Popup_Demo\Popup_Demo\Popup_Demo.csproj", "{FAA5A87C-3013-48C7-87D6-DAA9F753B41E}"
EndProject
Global
	GlobalSection(SolutionConfigurationPlatforms) = preSolution
		Ad-Hoc|Any CPU = Ad-Hoc|Any CPU
		Ad-Hoc|ARM = Ad-Hoc|ARM
		Ad-Hoc|iPhone = Ad-Hoc|iPhone
		Ad-Hoc|iPhoneSimulator = Ad-Hoc|iPhoneSimulator
		Ad-Hoc|x64 = Ad-Hoc|x64
		Ad-Hoc|x86 = Ad-Hoc|x86
		AppStore|Any CPU = AppStore|Any CPU
		AppStore|ARM = AppStore|ARM
		AppStore|iPhone = AppStore|iPhone
		AppStore|iPhoneSimulator = AppStore|iPhoneSimulator
		AppStore|x64 = AppStore|x64
		AppStore|x86 = AppStore|x86
		Debug|Any CPU = Debug|Any CPU
		Debug|ARM = Debug|ARM
		Debug|iPhone = Debug|iPhone
		Debug|iPhoneSimulator = Debug|iPhoneSimulator
		Debug|x64 = Debug|x64
		Debug|x86 = Debug|x86
		Release|Any CPU = Release|Any CPU
		Release|ARM = Release|ARM
		Release|iPhone = Release|iPhone
		Release|iPhoneSimulator = Release|iPhoneSimulator
		Release|x64 = Release|x64
		Release|x86 = Release|x86
		Release-xml|Any CPU = Release-xml|Any CPU
		Release-xml|ARM = Release-xml|ARM
		Release-xml|iPhone = Release-xml|iPhone
		Release-xml|iPhoneSimulator = Release-xml|iPhoneSimulator
		Release-xml|x64 = Release-xml|x64
		Release-xml|x86 = Release-xml|x86
	EndGlobalSection
	GlobalSection(ProjectConfigurationPlatforms) = postSolution
		{8FEA6F7B-B788-499A-A1DC-4631CAA9F618}.Ad-Hoc|Any CPU.ActiveCfg = Release|Any CPU
		{8FEA6F7B-B788-499A-A1DC-4631CAA9F618}.Ad-Hoc|Any CPU.Build.0 = Release|Any CPU
		{8FEA6F7B-B788-499A-A1DC-4631CAA9F618}.Ad-Hoc|Any CPU.Deploy.0 = Release|Any CPU
		{8FEA6F7B-B788-499A-A1DC-4631CAA9F618}.Ad-Hoc|ARM.ActiveCfg = Release|Any CPU
		{8FEA6F7B-B788-499A-A1DC-4631CAA9F618}.Ad-Hoc|ARM.Build.0 = Release|Any CPU
		{8FEA6F7B-B788-499A-A1DC-4631CAA9F618}.Ad-Hoc|ARM.Deploy.0 = Release|Any CPU
		{8FEA6F7B-B788-499A-A1DC-4631CAA9F618}.Ad-Hoc|iPhone.ActiveCfg = Release|Any CPU
		{8FEA6F7B-B788-499A-A1DC-4631CAA9F618}.Ad-Hoc|iPhone.Build.0 = Release|Any CPU
		{8FEA6F7B-B788-499A-A1DC-4631CAA9F618}.Ad-Hoc|iPhone.Deploy.0 = Release|Any CPU
		{8FEA6F7B-B788-499A-A1DC-4631CAA9F618}.Ad-Hoc|iPhoneSimulator.ActiveCfg = Release|Any CPU
		{8FEA6F7B-B788-499A-A1DC-4631CAA9F618}.Ad-Hoc|iPhoneSimulator.Build.0 = Release|Any CPU
		{8FEA6F7B-B788-499A-A1DC-4631CAA9F618}.Ad-Hoc|iPhoneSimulator.Deploy.0 = Release|Any CPU
		{8FEA6F7B-B788-499A-A1DC-4631CAA9F618}.Ad-Hoc|x64.ActiveCfg = Release|Any CPU
		{8FEA6F7B-B788-499A-A1DC-4631CAA9F618}.Ad-Hoc|x64.Build.0 = Release|Any CPU
		{8FEA6F7B-B788-499A-A1DC-4631CAA9F618}.Ad-Hoc|x64.Deploy.0 = Release|Any CPU
		{8FEA6F7B-B788-499A-A1DC-4631CAA9F618}.Ad-Hoc|x86.ActiveCfg = Release|Any CPU
		{8FEA6F7B-B788-499A-A1DC-4631CAA9F618}.Ad-Hoc|x86.Build.0 = Release|Any CPU
		{8FEA6F7B-B788-499A-A1DC-4631CAA9F618}.Ad-Hoc|x86.Deploy.0 = Release|Any CPU
		{8FEA6F7B-B788-499A-A1DC-4631CAA9F618}.AppStore|Any CPU.ActiveCfg = Release|Any CPU
		{8FEA6F7B-B788-499A-A1DC-4631CAA9F618}.AppStore|Any CPU.Build.0 = Release|Any CPU
		{8FEA6F7B-B788-499A-A1DC-4631CAA9F618}.AppStore|Any CPU.Deploy.0 = Release|Any CPU
		{8FEA6F7B-B788-499A-A1DC-4631CAA9F618}.AppStore|ARM.ActiveCfg = Release|Any CPU
		{8FEA6F7B-B788-499A-A1DC-4631CAA9F618}.AppStore|ARM.Build.0 = Release|Any CPU
		{8FEA6F7B-B788-499A-A1DC-4631CAA9F618}.AppStore|ARM.Deploy.0 = Release|Any CPU
		{8FEA6F7B-B788-499A-A1DC-4631CAA9F618}.AppStore|iPhone.ActiveCfg = Release|Any CPU
		{8FEA6F7B-B788-499A-A1DC-4631CAA9F618}.AppStore|iPhone.Build.0 = Release|Any CPU
		{8FEA6F7B-B788-499A-A1DC-4631CAA9F618}.AppStore|iPhone.Deploy.0 = Release|Any CPU
		{8FEA6F7B-B788-499A-A1DC-4631CAA9F618}.AppStore|iPhoneSimulator.ActiveCfg = Release|Any CPU
		{8FEA6F7B-B788-499A-A1DC-4631CAA9F618}.AppStore|iPhoneSimulator.Build.0 = Release|Any CPU
		{8FEA6F7B-B788-499A-A1DC-4631CAA9F618}.AppStore|iPhoneSimulator.Deploy.0 = Release|Any CPU
		{8FEA6F7B-B788-499A-A1DC-4631CAA9F618}.AppStore|x64.ActiveCfg = Release|Any CPU
		{8FEA6F7B-B788-499A-A1DC-4631CAA9F618}.AppStore|x64.Build.0 = Release|Any CPU
		{8FEA6F7B-B788-499A-A1DC-4631CAA9F618}.AppStore|x64.Deploy.0 = Release|Any CPU
		{8FEA6F7B-B788-499A-A1DC-4631CAA9F618}.AppStore|x86.ActiveCfg = Release|Any CPU
		{8FEA6F7B-B788-499A-A1DC-4631CAA9F618}.AppStore|x86.Build.0 = Release|Any CPU
		{8FEA6F7B-B788-499A-A1DC-4631CAA9F618}.AppStore|x86.Deploy.0 = Release|Any CPU
		{8FEA6F7B-B788-499A-A1DC-4631CAA9F618}.Debug|Any CPU.ActiveCfg = Debug|Any CPU
		{8FEA6F7B-B788-499A-A1DC-4631CAA9F618}.Debug|Any CPU.Build.0 = Debug|Any CPU
		{8FEA6F7B-B788-499A-A1DC-4631CAA9F618}.Debug|Any CPU.Deploy.0 = Debug|Any CPU
		{8FEA6F7B-B788-499A-A1DC-4631CAA9F618}.Debug|ARM.ActiveCfg = Debug|Any CPU
		{8FEA6F7B-B788-499A-A1DC-4631CAA9F618}.Debug|ARM.Build.0 = Debug|Any CPU
		{8FEA6F7B-B788-499A-A1DC-4631CAA9F618}.Debug|ARM.Deploy.0 = Debug|Any CPU
		{8FEA6F7B-B788-499A-A1DC-4631CAA9F618}.Debug|iPhone.ActiveCfg = Debug|Any CPU
		{8FEA6F7B-B788-499A-A1DC-4631CAA9F618}.Debug|iPhone.Build.0 = Debug|Any CPU
		{8FEA6F7B-B788-499A-A1DC-4631CAA9F618}.Debug|iPhone.Deploy.0 = Debug|Any CPU
		{8FEA6F7B-B788-499A-A1DC-4631CAA9F618}.Debug|iPhoneSimulator.ActiveCfg = Debug|Any CPU
		{8FEA6F7B-B788-499A-A1DC-4631CAA9F618}.Debug|iPhoneSimulator.Build.0 = Debug|Any CPU
		{8FEA6F7B-B788-499A-A1DC-4631CAA9F618}.Debug|iPhoneSimulator.Deploy.0 = Debug|Any CPU
		{8FEA6F7B-B788-499A-A1DC-4631CAA9F618}.Debug|x64.ActiveCfg = Debug|Any CPU
		{8FEA6F7B-B788-499A-A1DC-4631CAA9F618}.Debug|x64.Build.0 = Debug|Any CPU
		{8FEA6F7B-B788-499A-A1DC-4631CAA9F618}.Debug|x64.Deploy.0 = Debug|Any CPU
		{8FEA6F7B-B788-499A-A1DC-4631CAA9F618}.Debug|x86.ActiveCfg = Debug|Any CPU
		{8FEA6F7B-B788-499A-A1DC-4631CAA9F618}.Debug|x86.Build.0 = Debug|Any CPU
		{8FEA6F7B-B788-499A-A1DC-4631CAA9F618}.Debug|x86.Deploy.0 = Debug|Any CPU
		{8FEA6F7B-B788-499A-A1DC-4631CAA9F618}.Release|Any CPU.ActiveCfg = Release|Any CPU
		{8FEA6F7B-B788-499A-A1DC-4631CAA9F618}.Release|Any CPU.Build.0 = Release|Any CPU
		{8FEA6F7B-B788-499A-A1DC-4631CAA9F618}.Release|Any CPU.Deploy.0 = Release|Any CPU
		{8FEA6F7B-B788-499A-A1DC-4631CAA9F618}.Release|ARM.ActiveCfg = Release|Any CPU
		{8FEA6F7B-B788-499A-A1DC-4631CAA9F618}.Release|ARM.Build.0 = Release|Any CPU
		{8FEA6F7B-B788-499A-A1DC-4631CAA9F618}.Release|ARM.Deploy.0 = Release|Any CPU
		{8FEA6F7B-B788-499A-A1DC-4631CAA9F618}.Release|iPhone.ActiveCfg = Release|Any CPU
		{8FEA6F7B-B788-499A-A1DC-4631CAA9F618}.Release|iPhone.Build.0 = Release|Any CPU
		{8FEA6F7B-B788-499A-A1DC-4631CAA9F618}.Release|iPhone.Deploy.0 = Release|Any CPU
		{8FEA6F7B-B788-499A-A1DC-4631CAA9F618}.Release|iPhoneSimulator.ActiveCfg = Release|Any CPU
		{8FEA6F7B-B788-499A-A1DC-4631CAA9F618}.Release|iPhoneSimulator.Build.0 = Release|Any CPU
		{8FEA6F7B-B788-499A-A1DC-4631CAA9F618}.Release|iPhoneSimulator.Deploy.0 = Release|Any CPU
		{8FEA6F7B-B788-499A-A1DC-4631CAA9F618}.Release|x64.ActiveCfg = Release|Any CPU
		{8FEA6F7B-B788-499A-A1DC-4631CAA9F618}.Release|x64.Build.0 = Release|Any CPU
		{8FEA6F7B-B788-499A-A1DC-4631CAA9F618}.Release|x64.Deploy.0 = Release|Any CPU
		{8FEA6F7B-B788-499A-A1DC-4631CAA9F618}.Release|x86.ActiveCfg = Release|Any CPU
		{8FEA6F7B-B788-499A-A1DC-4631CAA9F618}.Release|x86.Build.0 = Release|Any CPU
		{8FEA6F7B-B788-499A-A1DC-4631CAA9F618}.Release|x86.Deploy.0 = Release|Any CPU
		{8FEA6F7B-B788-499A-A1DC-4631CAA9F618}.Release-xml|Any CPU.ActiveCfg = Release|Any CPU
		{8FEA6F7B-B788-499A-A1DC-4631CAA9F618}.Release-xml|Any CPU.Build.0 = Release|Any CPU
		{8FEA6F7B-B788-499A-A1DC-4631CAA9F618}.Release-xml|Any CPU.Deploy.0 = Release|Any CPU
		{8FEA6F7B-B788-499A-A1DC-4631CAA9F618}.Release-xml|ARM.ActiveCfg = Release|Any CPU
		{8FEA6F7B-B788-499A-A1DC-4631CAA9F618}.Release-xml|ARM.Build.0 = Release|Any CPU
		{8FEA6F7B-B788-499A-A1DC-4631CAA9F618}.Release-xml|ARM.Deploy.0 = Release|Any CPU
		{8FEA6F7B-B788-499A-A1DC-4631CAA9F618}.Release-xml|iPhone.ActiveCfg = Release|Any CPU
		{8FEA6F7B-B788-499A-A1DC-4631CAA9F618}.Release-xml|iPhone.Build.0 = Release|Any CPU
		{8FEA6F7B-B788-499A-A1DC-4631CAA9F618}.Release-xml|iPhone.Deploy.0 = Release|Any CPU
		{8FEA6F7B-B788-499A-A1DC-4631CAA9F618}.Release-xml|iPhoneSimulator.ActiveCfg = Release|Any CPU
		{8FEA6F7B-B788-499A-A1DC-4631CAA9F618}.Release-xml|iPhoneSimulator.Build.0 = Release|Any CPU
		{8FEA6F7B-B788-499A-A1DC-4631CAA9F618}.Release-xml|iPhoneSimulator.Deploy.0 = Release|Any CPU
		{8FEA6F7B-B788-499A-A1DC-4631CAA9F618}.Release-xml|x64.ActiveCfg = Release|Any CPU
		{8FEA6F7B-B788-499A-A1DC-4631CAA9F618}.Release-xml|x64.Build.0 = Release|Any CPU
		{8FEA6F7B-B788-499A-A1DC-4631CAA9F618}.Release-xml|x64.Deploy.0 = Release|Any CPU
		{8FEA6F7B-B788-499A-A1DC-4631CAA9F618}.Release-xml|x86.ActiveCfg = Release|Any CPU
		{8FEA6F7B-B788-499A-A1DC-4631CAA9F618}.Release-xml|x86.Build.0 = Release|Any CPU
		{8FEA6F7B-B788-499A-A1DC-4631CAA9F618}.Release-xml|x86.Deploy.0 = Release|Any CPU
		{ABF8CAD5-3533-44E9-8546-4D2F21D9F66E}.Ad-Hoc|Any CPU.ActiveCfg = Ad-Hoc|iPhone
		{ABF8CAD5-3533-44E9-8546-4D2F21D9F66E}.Ad-Hoc|Any CPU.Build.0 = Ad-Hoc|iPhone
		{ABF8CAD5-3533-44E9-8546-4D2F21D9F66E}.Ad-Hoc|Any CPU.Deploy.0 = Ad-Hoc|iPhone
		{ABF8CAD5-3533-44E9-8546-4D2F21D9F66E}.Ad-Hoc|ARM.ActiveCfg = Ad-Hoc|iPhone
		{ABF8CAD5-3533-44E9-8546-4D2F21D9F66E}.Ad-Hoc|ARM.Build.0 = Ad-Hoc|iPhone
		{ABF8CAD5-3533-44E9-8546-4D2F21D9F66E}.Ad-Hoc|ARM.Deploy.0 = Ad-Hoc|iPhone
		{ABF8CAD5-3533-44E9-8546-4D2F21D9F66E}.Ad-Hoc|iPhone.ActiveCfg = Ad-Hoc|iPhone
		{ABF8CAD5-3533-44E9-8546-4D2F21D9F66E}.Ad-Hoc|iPhone.Build.0 = Ad-Hoc|iPhone
		{ABF8CAD5-3533-44E9-8546-4D2F21D9F66E}.Ad-Hoc|iPhone.Deploy.0 = Ad-Hoc|iPhone
		{ABF8CAD5-3533-44E9-8546-4D2F21D9F66E}.Ad-Hoc|iPhoneSimulator.ActiveCfg = Ad-Hoc|iPhoneSimulator
		{ABF8CAD5-3533-44E9-8546-4D2F21D9F66E}.Ad-Hoc|iPhoneSimulator.Build.0 = Ad-Hoc|iPhoneSimulator
		{ABF8CAD5-3533-44E9-8546-4D2F21D9F66E}.Ad-Hoc|iPhoneSimulator.Deploy.0 = Ad-Hoc|iPhoneSimulator
		{ABF8CAD5-3533-44E9-8546-4D2F21D9F66E}.Ad-Hoc|x64.ActiveCfg = Ad-Hoc|iPhone
		{ABF8CAD5-3533-44E9-8546-4D2F21D9F66E}.Ad-Hoc|x64.Build.0 = Ad-Hoc|iPhone
		{ABF8CAD5-3533-44E9-8546-4D2F21D9F66E}.Ad-Hoc|x64.Deploy.0 = Ad-Hoc|iPhone
		{ABF8CAD5-3533-44E9-8546-4D2F21D9F66E}.Ad-Hoc|x86.ActiveCfg = Ad-Hoc|iPhone
		{ABF8CAD5-3533-44E9-8546-4D2F21D9F66E}.Ad-Hoc|x86.Build.0 = Ad-Hoc|iPhone
		{ABF8CAD5-3533-44E9-8546-4D2F21D9F66E}.Ad-Hoc|x86.Deploy.0 = Ad-Hoc|iPhone
		{ABF8CAD5-3533-44E9-8546-4D2F21D9F66E}.AppStore|Any CPU.ActiveCfg = AppStore|iPhone
		{ABF8CAD5-3533-44E9-8546-4D2F21D9F66E}.AppStore|Any CPU.Build.0 = AppStore|iPhone
		{ABF8CAD5-3533-44E9-8546-4D2F21D9F66E}.AppStore|Any CPU.Deploy.0 = AppStore|iPhone
		{ABF8CAD5-3533-44E9-8546-4D2F21D9F66E}.AppStore|ARM.ActiveCfg = AppStore|iPhone
		{ABF8CAD5-3533-44E9-8546-4D2F21D9F66E}.AppStore|ARM.Build.0 = AppStore|iPhone
		{ABF8CAD5-3533-44E9-8546-4D2F21D9F66E}.AppStore|ARM.Deploy.0 = AppStore|iPhone
		{ABF8CAD5-3533-44E9-8546-4D2F21D9F66E}.AppStore|iPhone.ActiveCfg = AppStore|iPhone
		{ABF8CAD5-3533-44E9-8546-4D2F21D9F66E}.AppStore|iPhone.Build.0 = AppStore|iPhone
		{ABF8CAD5-3533-44E9-8546-4D2F21D9F66E}.AppStore|iPhone.Deploy.0 = AppStore|iPhone
		{ABF8CAD5-3533-44E9-8546-4D2F21D9F66E}.AppStore|iPhoneSimulator.ActiveCfg = AppStore|iPhoneSimulator
		{ABF8CAD5-3533-44E9-8546-4D2F21D9F66E}.AppStore|iPhoneSimulator.Build.0 = AppStore|iPhoneSimulator
		{ABF8CAD5-3533-44E9-8546-4D2F21D9F66E}.AppStore|iPhoneSimulator.Deploy.0 = AppStore|iPhoneSimulator
		{ABF8CAD5-3533-44E9-8546-4D2F21D9F66E}.AppStore|x64.ActiveCfg = AppStore|iPhone
		{ABF8CAD5-3533-44E9-8546-4D2F21D9F66E}.AppStore|x64.Build.0 = AppStore|iPhone
		{ABF8CAD5-3533-44E9-8546-4D2F21D9F66E}.AppStore|x64.Deploy.0 = AppStore|iPhone
		{ABF8CAD5-3533-44E9-8546-4D2F21D9F66E}.AppStore|x86.ActiveCfg = AppStore|iPhone
		{ABF8CAD5-3533-44E9-8546-4D2F21D9F66E}.AppStore|x86.Build.0 = AppStore|iPhone
		{ABF8CAD5-3533-44E9-8546-4D2F21D9F66E}.AppStore|x86.Deploy.0 = AppStore|iPhone
		{ABF8CAD5-3533-44E9-8546-4D2F21D9F66E}.Debug|Any CPU.ActiveCfg = Debug|iPhoneSimulator
		{ABF8CAD5-3533-44E9-8546-4D2F21D9F66E}.Debug|Any CPU.Build.0 = Debug|iPhoneSimulator
		{ABF8CAD5-3533-44E9-8546-4D2F21D9F66E}.Debug|Any CPU.Deploy.0 = Debug|iPhoneSimulator
		{ABF8CAD5-3533-44E9-8546-4D2F21D9F66E}.Debug|ARM.ActiveCfg = Debug|iPhone
		{ABF8CAD5-3533-44E9-8546-4D2F21D9F66E}.Debug|ARM.Build.0 = Debug|iPhone
		{ABF8CAD5-3533-44E9-8546-4D2F21D9F66E}.Debug|ARM.Deploy.0 = Debug|iPhone
		{ABF8CAD5-3533-44E9-8546-4D2F21D9F66E}.Debug|iPhone.ActiveCfg = Debug|iPhone
		{ABF8CAD5-3533-44E9-8546-4D2F21D9F66E}.Debug|iPhone.Build.0 = Debug|iPhone
		{ABF8CAD5-3533-44E9-8546-4D2F21D9F66E}.Debug|iPhone.Deploy.0 = Debug|iPhone
		{ABF8CAD5-3533-44E9-8546-4D2F21D9F66E}.Debug|iPhoneSimulator.ActiveCfg = Debug|iPhoneSimulator
		{ABF8CAD5-3533-44E9-8546-4D2F21D9F66E}.Debug|iPhoneSimulator.Build.0 = Debug|iPhoneSimulator
		{ABF8CAD5-3533-44E9-8546-4D2F21D9F66E}.Debug|iPhoneSimulator.Deploy.0 = Debug|iPhoneSimulator
		{ABF8CAD5-3533-44E9-8546-4D2F21D9F66E}.Debug|x64.ActiveCfg = Debug|iPhone
		{ABF8CAD5-3533-44E9-8546-4D2F21D9F66E}.Debug|x64.Build.0 = Debug|iPhone
		{ABF8CAD5-3533-44E9-8546-4D2F21D9F66E}.Debug|x64.Deploy.0 = Debug|iPhone
		{ABF8CAD5-3533-44E9-8546-4D2F21D9F66E}.Debug|x86.ActiveCfg = Debug|iPhone
		{ABF8CAD5-3533-44E9-8546-4D2F21D9F66E}.Debug|x86.Build.0 = Debug|iPhone
		{ABF8CAD5-3533-44E9-8546-4D2F21D9F66E}.Debug|x86.Deploy.0 = Debug|iPhone
		{ABF8CAD5-3533-44E9-8546-4D2F21D9F66E}.Release|Any CPU.ActiveCfg = Release|iPhone
		{ABF8CAD5-3533-44E9-8546-4D2F21D9F66E}.Release|Any CPU.Build.0 = Release|iPhone
		{ABF8CAD5-3533-44E9-8546-4D2F21D9F66E}.Release|Any CPU.Deploy.0 = Release|iPhone
		{ABF8CAD5-3533-44E9-8546-4D2F21D9F66E}.Release|ARM.ActiveCfg = Release|iPhone
		{ABF8CAD5-3533-44E9-8546-4D2F21D9F66E}.Release|ARM.Build.0 = Release|iPhone
		{ABF8CAD5-3533-44E9-8546-4D2F21D9F66E}.Release|ARM.Deploy.0 = Release|iPhone
		{ABF8CAD5-3533-44E9-8546-4D2F21D9F66E}.Release|iPhone.ActiveCfg = Release|iPhone
		{ABF8CAD5-3533-44E9-8546-4D2F21D9F66E}.Release|iPhone.Build.0 = Release|iPhone
		{ABF8CAD5-3533-44E9-8546-4D2F21D9F66E}.Release|iPhone.Deploy.0 = Release|iPhone
		{ABF8CAD5-3533-44E9-8546-4D2F21D9F66E}.Release|iPhoneSimulator.ActiveCfg = Release|iPhoneSimulator
		{ABF8CAD5-3533-44E9-8546-4D2F21D9F66E}.Release|iPhoneSimulator.Build.0 = Release|iPhoneSimulator
		{ABF8CAD5-3533-44E9-8546-4D2F21D9F66E}.Release|iPhoneSimulator.Deploy.0 = Release|iPhoneSimulator
		{ABF8CAD5-3533-44E9-8546-4D2F21D9F66E}.Release|x64.ActiveCfg = Release|iPhone
		{ABF8CAD5-3533-44E9-8546-4D2F21D9F66E}.Release|x64.Build.0 = Release|iPhone
		{ABF8CAD5-3533-44E9-8546-4D2F21D9F66E}.Release|x64.Deploy.0 = Release|iPhone
		{ABF8CAD5-3533-44E9-8546-4D2F21D9F66E}.Release|x86.ActiveCfg = Release|iPhone
		{ABF8CAD5-3533-44E9-8546-4D2F21D9F66E}.Release|x86.Build.0 = Release|iPhone
		{ABF8CAD5-3533-44E9-8546-4D2F21D9F66E}.Release|x86.Deploy.0 = Release|iPhone
		{ABF8CAD5-3533-44E9-8546-4D2F21D9F66E}.Release-xml|Any CPU.ActiveCfg = Release|iPhoneSimulator
		{ABF8CAD5-3533-44E9-8546-4D2F21D9F66E}.Release-xml|Any CPU.Build.0 = Release|iPhoneSimulator
		{ABF8CAD5-3533-44E9-8546-4D2F21D9F66E}.Release-xml|ARM.ActiveCfg = Release|iPhoneSimulator
		{ABF8CAD5-3533-44E9-8546-4D2F21D9F66E}.Release-xml|ARM.Build.0 = Release|iPhoneSimulator
		{ABF8CAD5-3533-44E9-8546-4D2F21D9F66E}.Release-xml|iPhone.ActiveCfg = Release|iPhone
		{ABF8CAD5-3533-44E9-8546-4D2F21D9F66E}.Release-xml|iPhone.Build.0 = Release|iPhone
		{ABF8CAD5-3533-44E9-8546-4D2F21D9F66E}.Release-xml|iPhoneSimulator.ActiveCfg = Release|iPhoneSimulator
		{ABF8CAD5-3533-44E9-8546-4D2F21D9F66E}.Release-xml|iPhoneSimulator.Build.0 = Release|iPhoneSimulator
		{ABF8CAD5-3533-44E9-8546-4D2F21D9F66E}.Release-xml|x64.ActiveCfg = Release|iPhoneSimulator
		{ABF8CAD5-3533-44E9-8546-4D2F21D9F66E}.Release-xml|x64.Build.0 = Release|iPhoneSimulator
		{ABF8CAD5-3533-44E9-8546-4D2F21D9F66E}.Release-xml|x86.ActiveCfg = Release|iPhoneSimulator
		{ABF8CAD5-3533-44E9-8546-4D2F21D9F66E}.Release-xml|x86.Build.0 = Release|iPhoneSimulator
		{B93C06A8-8099-4883-89B9-D0B7D190CA2C}.Ad-Hoc|Any CPU.ActiveCfg = Release|x86
		{B93C06A8-8099-4883-89B9-D0B7D190CA2C}.Ad-Hoc|Any CPU.Build.0 = Release|x86
		{B93C06A8-8099-4883-89B9-D0B7D190CA2C}.Ad-Hoc|Any CPU.Deploy.0 = Release|x86
		{B93C06A8-8099-4883-89B9-D0B7D190CA2C}.Ad-Hoc|ARM.ActiveCfg = Release|ARM
		{B93C06A8-8099-4883-89B9-D0B7D190CA2C}.Ad-Hoc|ARM.Build.0 = Release|ARM
		{B93C06A8-8099-4883-89B9-D0B7D190CA2C}.Ad-Hoc|ARM.Deploy.0 = Release|ARM
		{B93C06A8-8099-4883-89B9-D0B7D190CA2C}.Ad-Hoc|iPhone.ActiveCfg = Release|x86
		{B93C06A8-8099-4883-89B9-D0B7D190CA2C}.Ad-Hoc|iPhone.Build.0 = Release|x86
		{B93C06A8-8099-4883-89B9-D0B7D190CA2C}.Ad-Hoc|iPhone.Deploy.0 = Release|x86
		{B93C06A8-8099-4883-89B9-D0B7D190CA2C}.Ad-Hoc|iPhoneSimulator.ActiveCfg = Release|x86
		{B93C06A8-8099-4883-89B9-D0B7D190CA2C}.Ad-Hoc|iPhoneSimulator.Build.0 = Release|x86
		{B93C06A8-8099-4883-89B9-D0B7D190CA2C}.Ad-Hoc|iPhoneSimulator.Deploy.0 = Release|x86
		{B93C06A8-8099-4883-89B9-D0B7D190CA2C}.Ad-Hoc|x64.ActiveCfg = Release|x64
		{B93C06A8-8099-4883-89B9-D0B7D190CA2C}.Ad-Hoc|x64.Build.0 = Release|x64
		{B93C06A8-8099-4883-89B9-D0B7D190CA2C}.Ad-Hoc|x64.Deploy.0 = Release|x64
		{B93C06A8-8099-4883-89B9-D0B7D190CA2C}.Ad-Hoc|x86.ActiveCfg = Release|x86
		{B93C06A8-8099-4883-89B9-D0B7D190CA2C}.Ad-Hoc|x86.Build.0 = Release|x86
		{B93C06A8-8099-4883-89B9-D0B7D190CA2C}.Ad-Hoc|x86.Deploy.0 = Release|x86
		{B93C06A8-8099-4883-89B9-D0B7D190CA2C}.AppStore|Any CPU.ActiveCfg = Release|x86
		{B93C06A8-8099-4883-89B9-D0B7D190CA2C}.AppStore|Any CPU.Build.0 = Release|x86
		{B93C06A8-8099-4883-89B9-D0B7D190CA2C}.AppStore|Any CPU.Deploy.0 = Release|x86
		{B93C06A8-8099-4883-89B9-D0B7D190CA2C}.AppStore|ARM.ActiveCfg = Release|ARM
		{B93C06A8-8099-4883-89B9-D0B7D190CA2C}.AppStore|ARM.Build.0 = Release|ARM
		{B93C06A8-8099-4883-89B9-D0B7D190CA2C}.AppStore|ARM.Deploy.0 = Release|ARM
		{B93C06A8-8099-4883-89B9-D0B7D190CA2C}.AppStore|iPhone.ActiveCfg = Release|x86
		{B93C06A8-8099-4883-89B9-D0B7D190CA2C}.AppStore|iPhone.Build.0 = Release|x86
		{B93C06A8-8099-4883-89B9-D0B7D190CA2C}.AppStore|iPhone.Deploy.0 = Release|x86
		{B93C06A8-8099-4883-89B9-D0B7D190CA2C}.AppStore|iPhoneSimulator.ActiveCfg = Release|x86
		{B93C06A8-8099-4883-89B9-D0B7D190CA2C}.AppStore|iPhoneSimulator.Build.0 = Release|x86
		{B93C06A8-8099-4883-89B9-D0B7D190CA2C}.AppStore|iPhoneSimulator.Deploy.0 = Release|x86
		{B93C06A8-8099-4883-89B9-D0B7D190CA2C}.AppStore|x64.ActiveCfg = Release|x64
		{B93C06A8-8099-4883-89B9-D0B7D190CA2C}.AppStore|x64.Build.0 = Release|x64
		{B93C06A8-8099-4883-89B9-D0B7D190CA2C}.AppStore|x64.Deploy.0 = Release|x64
		{B93C06A8-8099-4883-89B9-D0B7D190CA2C}.AppStore|x86.ActiveCfg = Release|x86
		{B93C06A8-8099-4883-89B9-D0B7D190CA2C}.AppStore|x86.Build.0 = Release|x86
		{B93C06A8-8099-4883-89B9-D0B7D190CA2C}.AppStore|x86.Deploy.0 = Release|x86
		{B93C06A8-8099-4883-89B9-D0B7D190CA2C}.Debug|Any CPU.ActiveCfg = Debug|x86
		{B93C06A8-8099-4883-89B9-D0B7D190CA2C}.Debug|Any CPU.Build.0 = Debug|x86
		{B93C06A8-8099-4883-89B9-D0B7D190CA2C}.Debug|Any CPU.Deploy.0 = Debug|x86
		{B93C06A8-8099-4883-89B9-D0B7D190CA2C}.Debug|ARM.ActiveCfg = Debug|ARM
		{B93C06A8-8099-4883-89B9-D0B7D190CA2C}.Debug|ARM.Build.0 = Debug|ARM
		{B93C06A8-8099-4883-89B9-D0B7D190CA2C}.Debug|ARM.Deploy.0 = Debug|ARM
		{B93C06A8-8099-4883-89B9-D0B7D190CA2C}.Debug|iPhone.ActiveCfg = Debug|x86
		{B93C06A8-8099-4883-89B9-D0B7D190CA2C}.Debug|iPhone.Build.0 = Debug|x86
		{B93C06A8-8099-4883-89B9-D0B7D190CA2C}.Debug|iPhone.Deploy.0 = Debug|x86
		{B93C06A8-8099-4883-89B9-D0B7D190CA2C}.Debug|iPhoneSimulator.ActiveCfg = Debug|x86
		{B93C06A8-8099-4883-89B9-D0B7D190CA2C}.Debug|iPhoneSimulator.Build.0 = Debug|x86
		{B93C06A8-8099-4883-89B9-D0B7D190CA2C}.Debug|iPhoneSimulator.Deploy.0 = Debug|x86
		{B93C06A8-8099-4883-89B9-D0B7D190CA2C}.Debug|x64.ActiveCfg = Debug|x64
		{B93C06A8-8099-4883-89B9-D0B7D190CA2C}.Debug|x64.Build.0 = Debug|x64
		{B93C06A8-8099-4883-89B9-D0B7D190CA2C}.Debug|x64.Deploy.0 = Debug|x64
		{B93C06A8-8099-4883-89B9-D0B7D190CA2C}.Debug|x86.ActiveCfg = Debug|x86
		{B93C06A8-8099-4883-89B9-D0B7D190CA2C}.Debug|x86.Build.0 = Debug|x86
		{B93C06A8-8099-4883-89B9-D0B7D190CA2C}.Debug|x86.Deploy.0 = Debug|x86
		{B93C06A8-8099-4883-89B9-D0B7D190CA2C}.Release|Any CPU.ActiveCfg = Release|x86
		{B93C06A8-8099-4883-89B9-D0B7D190CA2C}.Release|Any CPU.Build.0 = Release|x86
		{B93C06A8-8099-4883-89B9-D0B7D190CA2C}.Release|Any CPU.Deploy.0 = Release|x86
		{B93C06A8-8099-4883-89B9-D0B7D190CA2C}.Release|ARM.ActiveCfg = Release|ARM
		{B93C06A8-8099-4883-89B9-D0B7D190CA2C}.Release|ARM.Build.0 = Release|ARM
		{B93C06A8-8099-4883-89B9-D0B7D190CA2C}.Release|ARM.Deploy.0 = Release|ARM
		{B93C06A8-8099-4883-89B9-D0B7D190CA2C}.Release|iPhone.ActiveCfg = Release|x86
		{B93C06A8-8099-4883-89B9-D0B7D190CA2C}.Release|iPhone.Build.0 = Release|x86
		{B93C06A8-8099-4883-89B9-D0B7D190CA2C}.Release|iPhone.Deploy.0 = Release|x86
		{B93C06A8-8099-4883-89B9-D0B7D190CA2C}.Release|iPhoneSimulator.ActiveCfg = Release|x86
		{B93C06A8-8099-4883-89B9-D0B7D190CA2C}.Release|iPhoneSimulator.Build.0 = Release|x86
		{B93C06A8-8099-4883-89B9-D0B7D190CA2C}.Release|iPhoneSimulator.Deploy.0 = Release|x86
		{B93C06A8-8099-4883-89B9-D0B7D190CA2C}.Release|x64.ActiveCfg = Release|x64
		{B93C06A8-8099-4883-89B9-D0B7D190CA2C}.Release|x64.Build.0 = Release|x64
		{B93C06A8-8099-4883-89B9-D0B7D190CA2C}.Release|x64.Deploy.0 = Release|x64
		{B93C06A8-8099-4883-89B9-D0B7D190CA2C}.Release|x86.ActiveCfg = Release|x86
		{B93C06A8-8099-4883-89B9-D0B7D190CA2C}.Release|x86.Build.0 = Release|x86
		{B93C06A8-8099-4883-89B9-D0B7D190CA2C}.Release|x86.Deploy.0 = Release|x86
		{B93C06A8-8099-4883-89B9-D0B7D190CA2C}.Release-xml|Any CPU.ActiveCfg = Debug|x64
		{B93C06A8-8099-4883-89B9-D0B7D190CA2C}.Release-xml|Any CPU.Build.0 = Debug|x64
		{B93C06A8-8099-4883-89B9-D0B7D190CA2C}.Release-xml|Any CPU.Deploy.0 = Debug|x64
		{B93C06A8-8099-4883-89B9-D0B7D190CA2C}.Release-xml|ARM.ActiveCfg = Release|ARM
		{B93C06A8-8099-4883-89B9-D0B7D190CA2C}.Release-xml|ARM.Build.0 = Release|ARM
		{B93C06A8-8099-4883-89B9-D0B7D190CA2C}.Release-xml|ARM.Deploy.0 = Release|ARM
		{B93C06A8-8099-4883-89B9-D0B7D190CA2C}.Release-xml|iPhone.ActiveCfg = Debug|x64
		{B93C06A8-8099-4883-89B9-D0B7D190CA2C}.Release-xml|iPhone.Build.0 = Debug|x64
		{B93C06A8-8099-4883-89B9-D0B7D190CA2C}.Release-xml|iPhone.Deploy.0 = Debug|x64
		{B93C06A8-8099-4883-89B9-D0B7D190CA2C}.Release-xml|iPhoneSimulator.ActiveCfg = Debug|x64
		{B93C06A8-8099-4883-89B9-D0B7D190CA2C}.Release-xml|iPhoneSimulator.Build.0 = Debug|x64
		{B93C06A8-8099-4883-89B9-D0B7D190CA2C}.Release-xml|iPhoneSimulator.Deploy.0 = Debug|x64
		{B93C06A8-8099-4883-89B9-D0B7D190CA2C}.Release-xml|x64.ActiveCfg = Release|x64
		{B93C06A8-8099-4883-89B9-D0B7D190CA2C}.Release-xml|x64.Build.0 = Release|x64
		{B93C06A8-8099-4883-89B9-D0B7D190CA2C}.Release-xml|x64.Deploy.0 = Release|x64
		{B93C06A8-8099-4883-89B9-D0B7D190CA2C}.Release-xml|x86.ActiveCfg = Release|x86
		{B93C06A8-8099-4883-89B9-D0B7D190CA2C}.Release-xml|x86.Build.0 = Release|x86
		{B93C06A8-8099-4883-89B9-D0B7D190CA2C}.Release-xml|x86.Deploy.0 = Release|x86
		{FAA5A87C-3013-48C7-87D6-DAA9F753B41E}.Ad-Hoc|Any CPU.ActiveCfg = Debug|Any CPU
		{FAA5A87C-3013-48C7-87D6-DAA9F753B41E}.Ad-Hoc|Any CPU.Build.0 = Debug|Any CPU
		{FAA5A87C-3013-48C7-87D6-DAA9F753B41E}.Ad-Hoc|Any CPU.Deploy.0 = Debug|Any CPU
		{FAA5A87C-3013-48C7-87D6-DAA9F753B41E}.Ad-Hoc|ARM.ActiveCfg = Debug|Any CPU
		{FAA5A87C-3013-48C7-87D6-DAA9F753B41E}.Ad-Hoc|ARM.Build.0 = Debug|Any CPU
		{FAA5A87C-3013-48C7-87D6-DAA9F753B41E}.Ad-Hoc|ARM.Deploy.0 = Debug|Any CPU
		{FAA5A87C-3013-48C7-87D6-DAA9F753B41E}.Ad-Hoc|iPhone.ActiveCfg = Debug|Any CPU
		{FAA5A87C-3013-48C7-87D6-DAA9F753B41E}.Ad-Hoc|iPhone.Build.0 = Debug|Any CPU
		{FAA5A87C-3013-48C7-87D6-DAA9F753B41E}.Ad-Hoc|iPhone.Deploy.0 = Debug|Any CPU
		{FAA5A87C-3013-48C7-87D6-DAA9F753B41E}.Ad-Hoc|iPhoneSimulator.ActiveCfg = Debug|Any CPU
		{FAA5A87C-3013-48C7-87D6-DAA9F753B41E}.Ad-Hoc|iPhoneSimulator.Build.0 = Debug|Any CPU
		{FAA5A87C-3013-48C7-87D6-DAA9F753B41E}.Ad-Hoc|iPhoneSimulator.Deploy.0 = Debug|Any CPU
		{FAA5A87C-3013-48C7-87D6-DAA9F753B41E}.Ad-Hoc|x64.ActiveCfg = Debug|Any CPU
		{FAA5A87C-3013-48C7-87D6-DAA9F753B41E}.Ad-Hoc|x64.Build.0 = Debug|Any CPU
		{FAA5A87C-3013-48C7-87D6-DAA9F753B41E}.Ad-Hoc|x64.Deploy.0 = Debug|Any CPU
		{FAA5A87C-3013-48C7-87D6-DAA9F753B41E}.Ad-Hoc|x86.ActiveCfg = Debug|Any CPU
		{FAA5A87C-3013-48C7-87D6-DAA9F753B41E}.Ad-Hoc|x86.Build.0 = Debug|Any CPU
		{FAA5A87C-3013-48C7-87D6-DAA9F753B41E}.Ad-Hoc|x86.Deploy.0 = Debug|Any CPU
		{FAA5A87C-3013-48C7-87D6-DAA9F753B41E}.AppStore|Any CPU.ActiveCfg = Debug|Any CPU
		{FAA5A87C-3013-48C7-87D6-DAA9F753B41E}.AppStore|Any CPU.Build.0 = Debug|Any CPU
		{FAA5A87C-3013-48C7-87D6-DAA9F753B41E}.AppStore|Any CPU.Deploy.0 = Debug|Any CPU
		{FAA5A87C-3013-48C7-87D6-DAA9F753B41E}.AppStore|ARM.ActiveCfg = Debug|Any CPU
		{FAA5A87C-3013-48C7-87D6-DAA9F753B41E}.AppStore|ARM.Build.0 = Debug|Any CPU
		{FAA5A87C-3013-48C7-87D6-DAA9F753B41E}.AppStore|ARM.Deploy.0 = Debug|Any CPU
		{FAA5A87C-3013-48C7-87D6-DAA9F753B41E}.AppStore|iPhone.ActiveCfg = Debug|Any CPU
		{FAA5A87C-3013-48C7-87D6-DAA9F753B41E}.AppStore|iPhone.Build.0 = Debug|Any CPU
		{FAA5A87C-3013-48C7-87D6-DAA9F753B41E}.AppStore|iPhone.Deploy.0 = Debug|Any CPU
		{FAA5A87C-3013-48C7-87D6-DAA9F753B41E}.AppStore|iPhoneSimulator.ActiveCfg = Debug|Any CPU
		{FAA5A87C-3013-48C7-87D6-DAA9F753B41E}.AppStore|iPhoneSimulator.Build.0 = Debug|Any CPU
		{FAA5A87C-3013-48C7-87D6-DAA9F753B41E}.AppStore|iPhoneSimulator.Deploy.0 = Debug|Any CPU
		{FAA5A87C-3013-48C7-87D6-DAA9F753B41E}.AppStore|x64.ActiveCfg = Debug|Any CPU
		{FAA5A87C-3013-48C7-87D6-DAA9F753B41E}.AppStore|x64.Build.0 = Debug|Any CPU
		{FAA5A87C-3013-48C7-87D6-DAA9F753B41E}.AppStore|x64.Deploy.0 = Debug|Any CPU
		{FAA5A87C-3013-48C7-87D6-DAA9F753B41E}.AppStore|x86.ActiveCfg = Debug|Any CPU
		{FAA5A87C-3013-48C7-87D6-DAA9F753B41E}.AppStore|x86.Build.0 = Debug|Any CPU
		{FAA5A87C-3013-48C7-87D6-DAA9F753B41E}.AppStore|x86.Deploy.0 = Debug|Any CPU
		{FAA5A87C-3013-48C7-87D6-DAA9F753B41E}.Debug|Any CPU.ActiveCfg = Debug|Any CPU
		{FAA5A87C-3013-48C7-87D6-DAA9F753B41E}.Debug|Any CPU.Build.0 = Debug|Any CPU
		{FAA5A87C-3013-48C7-87D6-DAA9F753B41E}.Debug|Any CPU.Deploy.0 = Debug|Any CPU
		{FAA5A87C-3013-48C7-87D6-DAA9F753B41E}.Debug|ARM.ActiveCfg = Debug|Any CPU
		{FAA5A87C-3013-48C7-87D6-DAA9F753B41E}.Debug|ARM.Build.0 = Debug|Any CPU
		{FAA5A87C-3013-48C7-87D6-DAA9F753B41E}.Debug|ARM.Deploy.0 = Debug|Any CPU
		{FAA5A87C-3013-48C7-87D6-DAA9F753B41E}.Debug|iPhone.ActiveCfg = Debug|Any CPU
		{FAA5A87C-3013-48C7-87D6-DAA9F753B41E}.Debug|iPhone.Build.0 = Debug|Any CPU
		{FAA5A87C-3013-48C7-87D6-DAA9F753B41E}.Debug|iPhone.Deploy.0 = Debug|Any CPU
		{FAA5A87C-3013-48C7-87D6-DAA9F753B41E}.Debug|iPhoneSimulator.ActiveCfg = Debug|Any CPU
		{FAA5A87C-3013-48C7-87D6-DAA9F753B41E}.Debug|iPhoneSimulator.Build.0 = Debug|Any CPU
		{FAA5A87C-3013-48C7-87D6-DAA9F753B41E}.Debug|iPhoneSimulator.Deploy.0 = Debug|Any CPU
		{FAA5A87C-3013-48C7-87D6-DAA9F753B41E}.Debug|x64.ActiveCfg = Debug|Any CPU
		{FAA5A87C-3013-48C7-87D6-DAA9F753B41E}.Debug|x64.Build.0 = Debug|Any CPU
		{FAA5A87C-3013-48C7-87D6-DAA9F753B41E}.Debug|x64.Deploy.0 = Debug|Any CPU
		{FAA5A87C-3013-48C7-87D6-DAA9F753B41E}.Debug|x86.ActiveCfg = Debug|Any CPU
		{FAA5A87C-3013-48C7-87D6-DAA9F753B41E}.Debug|x86.Build.0 = Debug|Any CPU
		{FAA5A87C-3013-48C7-87D6-DAA9F753B41E}.Debug|x86.Deploy.0 = Debug|Any CPU
		{FAA5A87C-3013-48C7-87D6-DAA9F753B41E}.Release|Any CPU.ActiveCfg = Release|Any CPU
		{FAA5A87C-3013-48C7-87D6-DAA9F753B41E}.Release|Any CPU.Build.0 = Release|Any CPU
		{FAA5A87C-3013-48C7-87D6-DAA9F753B41E}.Release|Any CPU.Deploy.0 = Release|Any CPU
		{FAA5A87C-3013-48C7-87D6-DAA9F753B41E}.Release|ARM.ActiveCfg = Release|Any CPU
		{FAA5A87C-3013-48C7-87D6-DAA9F753B41E}.Release|ARM.Build.0 = Release|Any CPU
		{FAA5A87C-3013-48C7-87D6-DAA9F753B41E}.Release|ARM.Deploy.0 = Release|Any CPU
		{FAA5A87C-3013-48C7-87D6-DAA9F753B41E}.Release|iPhone.ActiveCfg = Release|Any CPU
		{FAA5A87C-3013-48C7-87D6-DAA9F753B41E}.Release|iPhone.Build.0 = Release|Any CPU
		{FAA5A87C-3013-48C7-87D6-DAA9F753B41E}.Release|iPhone.Deploy.0 = Release|Any CPU
		{FAA5A87C-3013-48C7-87D6-DAA9F753B41E}.Release|iPhoneSimulator.ActiveCfg = Release|Any CPU
		{FAA5A87C-3013-48C7-87D6-DAA9F753B41E}.Release|iPhoneSimulator.Build.0 = Release|Any CPU
		{FAA5A87C-3013-48C7-87D6-DAA9F753B41E}.Release|iPhoneSimulator.Deploy.0 = Release|Any CPU
		{FAA5A87C-3013-48C7-87D6-DAA9F753B41E}.Release|x64.ActiveCfg = Release|Any CPU
		{FAA5A87C-3013-48C7-87D6-DAA9F753B41E}.Release|x64.Build.0 = Release|Any CPU
		{FAA5A87C-3013-48C7-87D6-DAA9F753B41E}.Release|x64.Deploy.0 = Release|Any CPU
		{FAA5A87C-3013-48C7-87D6-DAA9F753B41E}.Release|x86.ActiveCfg = Release|Any CPU
		{FAA5A87C-3013-48C7-87D6-DAA9F753B41E}.Release|x86.Build.0 = Release|Any CPU
		{FAA5A87C-3013-48C7-87D6-DAA9F753B41E}.Release|x86.Deploy.0 = Release|Any CPU
		{FAA5A87C-3013-48C7-87D6-DAA9F753B41E}.Release-xml|Any CPU.ActiveCfg = Release|Any CPU
		{FAA5A87C-3013-48C7-87D6-DAA9F753B41E}.Release-xml|Any CPU.Build.0 = Release|Any CPU
		{FAA5A87C-3013-48C7-87D6-DAA9F753B41E}.Release-xml|ARM.ActiveCfg = Release|Any CPU
		{FAA5A87C-3013-48C7-87D6-DAA9F753B41E}.Release-xml|ARM.Build.0 = Release|Any CPU
		{FAA5A87C-3013-48C7-87D6-DAA9F753B41E}.Release-xml|iPhone.ActiveCfg = Release|Any CPU
		{FAA5A87C-3013-48C7-87D6-DAA9F753B41E}.Release-xml|iPhone.Build.0 = Release|Any CPU
		{FAA5A87C-3013-48C7-87D6-DAA9F753B41E}.Release-xml|iPhoneSimulator.ActiveCfg = Release|Any CPU
		{FAA5A87C-3013-48C7-87D6-DAA9F753B41E}.Release-xml|iPhoneSimulator.Build.0 = Release|Any CPU
		{FAA5A87C-3013-48C7-87D6-DAA9F753B41E}.Release-xml|x64.ActiveCfg = Release|Any CPU
		{FAA5A87C-3013-48C7-87D6-DAA9F753B41E}.Release-xml|x64.Build.0 = Release|Any CPU
		{FAA5A87C-3013-48C7-87D6-DAA9F753B41E}.Release-xml|x86.ActiveCfg = Release|Any CPU
		{FAA5A87C-3013-48C7-87D6-DAA9F753B41E}.Release-xml|x86.Build.0 = Release|Any CPU
	EndGlobalSection
	GlobalSection(SolutionProperties) = preSolution
		HideSolutionNode = FALSE
	EndGlobalSection
	GlobalSection(ExtensibilityGlobals) = postSolution
		SolutionGuid = {888DAB70-298C-4EDF-ADAA-191E29CB977F}
	EndGlobalSection
EndGlobal
