
Microsoft Visual Studio Solution File, Format Version 12.00
# Visual Studio 15
VisualStudioVersion = 15.0.28010.2048
MinimumVisualStudioVersion = 10.0.40219.1
Project("{FAE04EC0-301F-11D3-BF4B-00C04F79EFBC}") = "SfPullToRefresh.Android", "SfPullToRefresh\SfPullToRefresh.Android\SfPullToRefresh.Android.csproj", "{EAF73BA0-DF10-4FA9-AE44-139A7698D10C}"
EndProject
Project("{FAE04EC0-301F-11D3-BF4B-00C04F79EFBC}") = "SfPullToRefresh.iOS", "SfPullToRefresh\SfPullToRefresh.iOS\SfPullToRefresh.iOS.csproj", "{151CD863-05DE-45E5-AC97-8934EB5EAAFE}"
EndProject
Project("{FAE04EC0-301F-11D3-BF4B-00C04F79EFBC}") = "SfPullToRefresh.UWP", "SfPullToRefresh\SfPullToRefresh.UWP\SfPullToRefresh.UWP.csproj", "{2908BFC4-5F00-4BF7-A880-DC9EB88AB4AD}"
EndProject
Project("{9A19103F-16F7-4668-BE54-9A1E7A4F7556}") = "SfPullToRefresh", "SfPullToRefresh\SfPullToRefresh\SfPullToRefresh.csproj", "{DFE377BF-9366-4310-AAD6-7619F17BAAA0}"
EndProject
Global
	GlobalSection(SolutionConfigurationPlatforms) = preSolution
		Ad-Hoc|Any CPU = Ad-Hoc|Any CPU
		Ad-Hoc|ARM = Ad-Hoc|ARM
		Ad-Hoc|iPhone = Ad-Hoc|iPhone
		Ad-Hoc|iPhoneSimulator = Ad-Hoc|iPhoneSimulator
		Ad-Hoc|x64 = Ad-Hoc|x64
		Ad-Hoc|x86 = Ad-Hoc|x86
		AppStore|Any CPU = AppStore|Any CPU
		AppStore|ARM = AppStore|ARM
		AppStore|iPhone = AppStore|iPhone
		AppStore|iPhoneSimulator = AppStore|iPhoneSimulator
		AppStore|x64 = AppStore|x64
		AppStore|x86 = AppStore|x86
		Debug|Any CPU = Debug|Any CPU
		Debug|ARM = Debug|ARM
		Debug|iPhone = Debug|iPhone
		Debug|iPhoneSimulator = Debug|iPhoneSimulator
		Debug|x64 = Debug|x64
		Debug|x86 = Debug|x86
		Release|Any CPU = Release|Any CPU
		Release|ARM = Release|ARM
		Release|iPhone = Release|iPhone
		Release|iPhoneSimulator = Release|iPhoneSimulator
		Release|x64 = Release|x64
		Release|x86 = Release|x86
		Release-xml|Any CPU = Release-xml|Any CPU
		Release-xml|ARM = Release-xml|ARM
		Release-xml|iPhone = Release-xml|iPhone
		Release-xml|iPhoneSimulator = Release-xml|iPhoneSimulator
		Release-xml|x64 = Release-xml|x64
		Release-xml|x86 = Release-xml|x86
	EndGlobalSection
	GlobalSection(ProjectConfigurationPlatforms) = postSolution
		{EAF73BA0-DF10-4FA9-AE44-139A7698D10C}.Ad-Hoc|Any CPU.ActiveCfg = Release|Any CPU
		{EAF73BA0-DF10-4FA9-AE44-139A7698D10C}.Ad-Hoc|Any CPU.Build.0 = Release|Any CPU
		{EAF73BA0-DF10-4FA9-AE44-139A7698D10C}.Ad-Hoc|Any CPU.Deploy.0 = Release|Any CPU
		{EAF73BA0-DF10-4FA9-AE44-139A7698D10C}.Ad-Hoc|ARM.ActiveCfg = Release|Any CPU
		{EAF73BA0-DF10-4FA9-AE44-139A7698D10C}.Ad-Hoc|ARM.Build.0 = Release|Any CPU
		{EAF73BA0-DF10-4FA9-AE44-139A7698D10C}.Ad-Hoc|ARM.Deploy.0 = Release|Any CPU
		{EAF73BA0-DF10-4FA9-AE44-139A7698D10C}.Ad-Hoc|iPhone.ActiveCfg = Release|Any CPU
		{EAF73BA0-DF10-4FA9-AE44-139A7698D10C}.Ad-Hoc|iPhone.Build.0 = Release|Any CPU
		{EAF73BA0-DF10-4FA9-AE44-139A7698D10C}.Ad-Hoc|iPhone.Deploy.0 = Release|Any CPU
		{EAF73BA0-DF10-4FA9-AE44-139A7698D10C}.Ad-Hoc|iPhoneSimulator.ActiveCfg = Release|Any CPU
		{EAF73BA0-DF10-4FA9-AE44-139A7698D10C}.Ad-Hoc|iPhoneSimulator.Build.0 = Release|Any CPU
		{EAF73BA0-DF10-4FA9-AE44-139A7698D10C}.Ad-Hoc|iPhoneSimulator.Deploy.0 = Release|Any CPU
		{EAF73BA0-DF10-4FA9-AE44-139A7698D10C}.Ad-Hoc|x64.ActiveCfg = Release|Any CPU
		{EAF73BA0-DF10-4FA9-AE44-139A7698D10C}.Ad-Hoc|x64.Build.0 = Release|Any CPU
		{EAF73BA0-DF10-4FA9-AE44-139A7698D10C}.Ad-Hoc|x64.Deploy.0 = Release|Any CPU
		{EAF73BA0-DF10-4FA9-AE44-139A7698D10C}.Ad-Hoc|x86.ActiveCfg = Release|Any CPU
		{EAF73BA0-DF10-4FA9-AE44-139A7698D10C}.Ad-Hoc|x86.Build.0 = Release|Any CPU
		{EAF73BA0-DF10-4FA9-AE44-139A7698D10C}.Ad-Hoc|x86.Deploy.0 = Release|Any CPU
		{EAF73BA0-DF10-4FA9-AE44-139A7698D10C}.AppStore|Any CPU.ActiveCfg = Release|Any CPU
		{EAF73BA0-DF10-4FA9-AE44-139A7698D10C}.AppStore|Any CPU.Build.0 = Release|Any CPU
		{EAF73BA0-DF10-4FA9-AE44-139A7698D10C}.AppStore|Any CPU.Deploy.0 = Release|Any CPU
		{EAF73BA0-DF10-4FA9-AE44-139A7698D10C}.AppStore|ARM.ActiveCfg = Release|Any CPU
		{EAF73BA0-DF10-4FA9-AE44-139A7698D10C}.AppStore|ARM.Build.0 = Release|Any CPU
		{EAF73BA0-DF10-4FA9-AE44-139A7698D10C}.AppStore|ARM.Deploy.0 = Release|Any CPU
		{EAF73BA0-DF10-4FA9-AE44-139A7698D10C}.AppStore|iPhone.ActiveCfg = Release|Any CPU
		{EAF73BA0-DF10-4FA9-AE44-139A7698D10C}.AppStore|iPhone.Build.0 = Release|Any CPU
		{EAF73BA0-DF10-4FA9-AE44-139A7698D10C}.AppStore|iPhone.Deploy.0 = Release|Any CPU
		{EAF73BA0-DF10-4FA9-AE44-139A7698D10C}.AppStore|iPhoneSimulator.ActiveCfg = Release|Any CPU
		{EAF73BA0-DF10-4FA9-AE44-139A7698D10C}.AppStore|iPhoneSimulator.Build.0 = Release|Any CPU
		{EAF73BA0-DF10-4FA9-AE44-139A7698D10C}.AppStore|iPhoneSimulator.Deploy.0 = Release|Any CPU
		{EAF73BA0-DF10-4FA9-AE44-139A7698D10C}.AppStore|x64.ActiveCfg = Release|Any CPU
		{EAF73BA0-DF10-4FA9-AE44-139A7698D10C}.AppStore|x64.Build.0 = Release|Any CPU
		{EAF73BA0-DF10-4FA9-AE44-139A7698D10C}.AppStore|x64.Deploy.0 = Release|Any CPU
		{EAF73BA0-DF10-4FA9-AE44-139A7698D10C}.AppStore|x86.ActiveCfg = Release|Any CPU
		{EAF73BA0-DF10-4FA9-AE44-139A7698D10C}.AppStore|x86.Build.0 = Release|Any CPU
		{EAF73BA0-DF10-4FA9-AE44-139A7698D10C}.AppStore|x86.Deploy.0 = Release|Any CPU
		{EAF73BA0-DF10-4FA9-AE44-139A7698D10C}.Debug|Any CPU.ActiveCfg = Debug|Any CPU
		{EAF73BA0-DF10-4FA9-AE44-139A7698D10C}.Debug|Any CPU.Build.0 = Debug|Any CPU
		{EAF73BA0-DF10-4FA9-AE44-139A7698D10C}.Debug|Any CPU.Deploy.0 = Debug|Any CPU
		{EAF73BA0-DF10-4FA9-AE44-139A7698D10C}.Debug|ARM.ActiveCfg = Debug|Any CPU
		{EAF73BA0-DF10-4FA9-AE44-139A7698D10C}.Debug|ARM.Build.0 = Debug|Any CPU
		{EAF73BA0-DF10-4FA9-AE44-139A7698D10C}.Debug|ARM.Deploy.0 = Debug|Any CPU
		{EAF73BA0-DF10-4FA9-AE44-139A7698D10C}.Debug|iPhone.ActiveCfg = Debug|Any CPU
		{EAF73BA0-DF10-4FA9-AE44-139A7698D10C}.Debug|iPhone.Build.0 = Debug|Any CPU
		{EAF73BA0-DF10-4FA9-AE44-139A7698D10C}.Debug|iPhone.Deploy.0 = Debug|Any CPU
		{EAF73BA0-DF10-4FA9-AE44-139A7698D10C}.Debug|iPhoneSimulator.ActiveCfg = Debug|Any CPU
		{EAF73BA0-DF10-4FA9-AE44-139A7698D10C}.Debug|iPhoneSimulator.Build.0 = Debug|Any CPU
		{EAF73BA0-DF10-4FA9-AE44-139A7698D10C}.Debug|iPhoneSimulator.Deploy.0 = Debug|Any CPU
		{EAF73BA0-DF10-4FA9-AE44-139A7698D10C}.Debug|x64.ActiveCfg = Debug|Any CPU
		{EAF73BA0-DF10-4FA9-AE44-139A7698D10C}.Debug|x64.Build.0 = Debug|Any CPU
		{EAF73BA0-DF10-4FA9-AE44-139A7698D10C}.Debug|x64.Deploy.0 = Debug|Any CPU
		{EAF73BA0-DF10-4FA9-AE44-139A7698D10C}.Debug|x86.ActiveCfg = Debug|Any CPU
		{EAF73BA0-DF10-4FA9-AE44-139A7698D10C}.Debug|x86.Build.0 = Debug|Any CPU
		{EAF73BA0-DF10-4FA9-AE44-139A7698D10C}.Debug|x86.Deploy.0 = Debug|Any CPU
		{EAF73BA0-DF10-4FA9-AE44-139A7698D10C}.Release|Any CPU.ActiveCfg = Release|Any CPU
		{EAF73BA0-DF10-4FA9-AE44-139A7698D10C}.Release|Any CPU.Build.0 = Release|Any CPU
		{EAF73BA0-DF10-4FA9-AE44-139A7698D10C}.Release|Any CPU.Deploy.0 = Release|Any CPU
		{EAF73BA0-DF10-4FA9-AE44-139A7698D10C}.Release|ARM.ActiveCfg = Release|Any CPU
		{EAF73BA0-DF10-4FA9-AE44-139A7698D10C}.Release|ARM.Build.0 = Release|Any CPU
		{EAF73BA0-DF10-4FA9-AE44-139A7698D10C}.Release|ARM.Deploy.0 = Release|Any CPU
		{EAF73BA0-DF10-4FA9-AE44-139A7698D10C}.Release|iPhone.ActiveCfg = Release|Any CPU
		{EAF73BA0-DF10-4FA9-AE44-139A7698D10C}.Release|iPhone.Build.0 = Release|Any CPU
		{EAF73BA0-DF10-4FA9-AE44-139A7698D10C}.Release|iPhone.Deploy.0 = Release|Any CPU
		{EAF73BA0-DF10-4FA9-AE44-139A7698D10C}.Release|iPhoneSimulator.ActiveCfg = Release|Any CPU
		{EAF73BA0-DF10-4FA9-AE44-139A7698D10C}.Release|iPhoneSimulator.Build.0 = Release|Any CPU
		{EAF73BA0-DF10-4FA9-AE44-139A7698D10C}.Release|iPhoneSimulator.Deploy.0 = Release|Any CPU
		{EAF73BA0-DF10-4FA9-AE44-139A7698D10C}.Release|x64.ActiveCfg = Release|Any CPU
		{EAF73BA0-DF10-4FA9-AE44-139A7698D10C}.Release|x64.Build.0 = Release|Any CPU
		{EAF73BA0-DF10-4FA9-AE44-139A7698D10C}.Release|x64.Deploy.0 = Release|Any CPU
		{EAF73BA0-DF10-4FA9-AE44-139A7698D10C}.Release|x86.ActiveCfg = Release|Any CPU
		{EAF73BA0-DF10-4FA9-AE44-139A7698D10C}.Release|x86.Build.0 = Release|Any CPU
		{EAF73BA0-DF10-4FA9-AE44-139A7698D10C}.Release|x86.Deploy.0 = Release|Any CPU
		{EAF73BA0-DF10-4FA9-AE44-139A7698D10C}.Release-xml|Any CPU.ActiveCfg = Release|Any CPU
		{EAF73BA0-DF10-4FA9-AE44-139A7698D10C}.Release-xml|Any CPU.Build.0 = Release|Any CPU
		{EAF73BA0-DF10-4FA9-AE44-139A7698D10C}.Release-xml|Any CPU.Deploy.0 = Release|Any CPU
		{EAF73BA0-DF10-4FA9-AE44-139A7698D10C}.Release-xml|ARM.ActiveCfg = Release|Any CPU
		{EAF73BA0-DF10-4FA9-AE44-139A7698D10C}.Release-xml|ARM.Build.0 = Release|Any CPU
		{EAF73BA0-DF10-4FA9-AE44-139A7698D10C}.Release-xml|ARM.Deploy.0 = Release|Any CPU
		{EAF73BA0-DF10-4FA9-AE44-139A7698D10C}.Release-xml|iPhone.ActiveCfg = Release|Any CPU
		{EAF73BA0-DF10-4FA9-AE44-139A7698D10C}.Release-xml|iPhone.Build.0 = Release|Any CPU
		{EAF73BA0-DF10-4FA9-AE44-139A7698D10C}.Release-xml|iPhone.Deploy.0 = Release|Any CPU
		{EAF73BA0-DF10-4FA9-AE44-139A7698D10C}.Release-xml|iPhoneSimulator.ActiveCfg = Release|Any CPU
		{EAF73BA0-DF10-4FA9-AE44-139A7698D10C}.Release-xml|iPhoneSimulator.Build.0 = Release|Any CPU
		{EAF73BA0-DF10-4FA9-AE44-139A7698D10C}.Release-xml|iPhoneSimulator.Deploy.0 = Release|Any CPU
		{EAF73BA0-DF10-4FA9-AE44-139A7698D10C}.Release-xml|x64.ActiveCfg = Release|Any CPU
		{EAF73BA0-DF10-4FA9-AE44-139A7698D10C}.Release-xml|x64.Build.0 = Release|Any CPU
		{EAF73BA0-DF10-4FA9-AE44-139A7698D10C}.Release-xml|x64.Deploy.0 = Release|Any CPU
		{EAF73BA0-DF10-4FA9-AE44-139A7698D10C}.Release-xml|x86.ActiveCfg = Release|Any CPU
		{EAF73BA0-DF10-4FA9-AE44-139A7698D10C}.Release-xml|x86.Build.0 = Release|Any CPU
		{EAF73BA0-DF10-4FA9-AE44-139A7698D10C}.Release-xml|x86.Deploy.0 = Release|Any CPU
		{151CD863-05DE-45E5-AC97-8934EB5EAAFE}.Ad-Hoc|Any CPU.ActiveCfg = Ad-Hoc|iPhone
		{151CD863-05DE-45E5-AC97-8934EB5EAAFE}.Ad-Hoc|Any CPU.Build.0 = Ad-Hoc|iPhone
		{151CD863-05DE-45E5-AC97-8934EB5EAAFE}.Ad-Hoc|Any CPU.Deploy.0 = Ad-Hoc|iPhone
		{151CD863-05DE-45E5-AC97-8934EB5EAAFE}.Ad-Hoc|ARM.ActiveCfg = Ad-Hoc|iPhone
		{151CD863-05DE-45E5-AC97-8934EB5EAAFE}.Ad-Hoc|ARM.Build.0 = Ad-Hoc|iPhone
		{151CD863-05DE-45E5-AC97-8934EB5EAAFE}.Ad-Hoc|ARM.Deploy.0 = Ad-Hoc|iPhone
		{151CD863-05DE-45E5-AC97-8934EB5EAAFE}.Ad-Hoc|iPhone.ActiveCfg = Ad-Hoc|iPhone
		{151CD863-05DE-45E5-AC97-8934EB5EAAFE}.Ad-Hoc|iPhone.Build.0 = Ad-Hoc|iPhone
		{151CD863-05DE-45E5-AC97-8934EB5EAAFE}.Ad-Hoc|iPhone.Deploy.0 = Ad-Hoc|iPhone
		{151CD863-05DE-45E5-AC97-8934EB5EAAFE}.Ad-Hoc|iPhoneSimulator.ActiveCfg = Ad-Hoc|iPhoneSimulator
		{151CD863-05DE-45E5-AC97-8934EB5EAAFE}.Ad-Hoc|iPhoneSimulator.Build.0 = Ad-Hoc|iPhoneSimulator
		{151CD863-05DE-45E5-AC97-8934EB5EAAFE}.Ad-Hoc|iPhoneSimulator.Deploy.0 = Ad-Hoc|iPhoneSimulator
		{151CD863-05DE-45E5-AC97-8934EB5EAAFE}.Ad-Hoc|x64.ActiveCfg = Ad-Hoc|iPhone
		{151CD863-05DE-45E5-AC97-8934EB5EAAFE}.Ad-Hoc|x64.Build.0 = Ad-Hoc|iPhone
		{151CD863-05DE-45E5-AC97-8934EB5EAAFE}.Ad-Hoc|x64.Deploy.0 = Ad-Hoc|iPhone
		{151CD863-05DE-45E5-AC97-8934EB5EAAFE}.Ad-Hoc|x86.ActiveCfg = Ad-Hoc|iPhone
		{151CD863-05DE-45E5-AC97-8934EB5EAAFE}.Ad-Hoc|x86.Build.0 = Ad-Hoc|iPhone
		{151CD863-05DE-45E5-AC97-8934EB5EAAFE}.Ad-Hoc|x86.Deploy.0 = Ad-Hoc|iPhone
		{151CD863-05DE-45E5-AC97-8934EB5EAAFE}.AppStore|Any CPU.ActiveCfg = AppStore|iPhone
		{151CD863-05DE-45E5-AC97-8934EB5EAAFE}.AppStore|Any CPU.Build.0 = AppStore|iPhone
		{151CD863-05DE-45E5-AC97-8934EB5EAAFE}.AppStore|Any CPU.Deploy.0 = AppStore|iPhone
		{151CD863-05DE-45E5-AC97-8934EB5EAAFE}.AppStore|ARM.ActiveCfg = AppStore|iPhone
		{151CD863-05DE-45E5-AC97-8934EB5EAAFE}.AppStore|ARM.Build.0 = AppStore|iPhone
		{151CD863-05DE-45E5-AC97-8934EB5EAAFE}.AppStore|ARM.Deploy.0 = AppStore|iPhone
		{151CD863-05DE-45E5-AC97-8934EB5EAAFE}.AppStore|iPhone.ActiveCfg = AppStore|iPhone
		{151CD863-05DE-45E5-AC97-8934EB5EAAFE}.AppStore|iPhone.Build.0 = AppStore|iPhone
		{151CD863-05DE-45E5-AC97-8934EB5EAAFE}.AppStore|iPhone.Deploy.0 = AppStore|iPhone
		{151CD863-05DE-45E5-AC97-8934EB5EAAFE}.AppStore|iPhoneSimulator.ActiveCfg = AppStore|iPhoneSimulator
		{151CD863-05DE-45E5-AC97-8934EB5EAAFE}.AppStore|iPhoneSimulator.Build.0 = AppStore|iPhoneSimulator
		{151CD863-05DE-45E5-AC97-8934EB5EAAFE}.AppStore|iPhoneSimulator.Deploy.0 = AppStore|iPhoneSimulator
		{151CD863-05DE-45E5-AC97-8934EB5EAAFE}.AppStore|x64.ActiveCfg = AppStore|iPhone
		{151CD863-05DE-45E5-AC97-8934EB5EAAFE}.AppStore|x64.Build.0 = AppStore|iPhone
		{151CD863-05DE-45E5-AC97-8934EB5EAAFE}.AppStore|x64.Deploy.0 = AppStore|iPhone
		{151CD863-05DE-45E5-AC97-8934EB5EAAFE}.AppStore|x86.ActiveCfg = AppStore|iPhone
		{151CD863-05DE-45E5-AC97-8934EB5EAAFE}.AppStore|x86.Build.0 = AppStore|iPhone
		{151CD863-05DE-45E5-AC97-8934EB5EAAFE}.AppStore|x86.Deploy.0 = AppStore|iPhone
		{151CD863-05DE-45E5-AC97-8934EB5EAAFE}.Debug|Any CPU.ActiveCfg = Debug|iPhoneSimulator
		{151CD863-05DE-45E5-AC97-8934EB5EAAFE}.Debug|Any CPU.Build.0 = Debug|iPhoneSimulator
		{151CD863-05DE-45E5-AC97-8934EB5EAAFE}.Debug|Any CPU.Deploy.0 = Debug|iPhoneSimulator
		{151CD863-05DE-45E5-AC97-8934EB5EAAFE}.Debug|ARM.ActiveCfg = Debug|iPhone
		{151CD863-05DE-45E5-AC97-8934EB5EAAFE}.Debug|ARM.Build.0 = Debug|iPhone
		{151CD863-05DE-45E5-AC97-8934EB5EAAFE}.Debug|ARM.Deploy.0 = Debug|iPhone
		{151CD863-05DE-45E5-AC97-8934EB5EAAFE}.Debug|iPhone.ActiveCfg = Debug|iPhone
		{151CD863-05DE-45E5-AC97-8934EB5EAAFE}.Debug|iPhone.Build.0 = Debug|iPhone
		{151CD863-05DE-45E5-AC97-8934EB5EAAFE}.Debug|iPhone.Deploy.0 = Debug|iPhone
		{151CD863-05DE-45E5-AC97-8934EB5EAAFE}.Debug|iPhoneSimulator.ActiveCfg = Debug|iPhoneSimulator
		{151CD863-05DE-45E5-AC97-8934EB5EAAFE}.Debug|iPhoneSimulator.Build.0 = Debug|iPhoneSimulator
		{151CD863-05DE-45E5-AC97-8934EB5EAAFE}.Debug|iPhoneSimulator.Deploy.0 = Debug|iPhoneSimulator
		{151CD863-05DE-45E5-AC97-8934EB5EAAFE}.Debug|x64.ActiveCfg = Debug|iPhone
		{151CD863-05DE-45E5-AC97-8934EB5EAAFE}.Debug|x64.Build.0 = Debug|iPhone
		{151CD863-05DE-45E5-AC97-8934EB5EAAFE}.Debug|x64.Deploy.0 = Debug|iPhone
		{151CD863-05DE-45E5-AC97-8934EB5EAAFE}.Debug|x86.ActiveCfg = Debug|iPhone
		{151CD863-05DE-45E5-AC97-8934EB5EAAFE}.Debug|x86.Build.0 = Debug|iPhone
		{151CD863-05DE-45E5-AC97-8934EB5EAAFE}.Debug|x86.Deploy.0 = Debug|iPhone
		{151CD863-05DE-45E5-AC97-8934EB5EAAFE}.Release|Any CPU.ActiveCfg = Release|iPhone
		{151CD863-05DE-45E5-AC97-8934EB5EAAFE}.Release|Any CPU.Build.0 = Release|iPhone
		{151CD863-05DE-45E5-AC97-8934EB5EAAFE}.Release|Any CPU.Deploy.0 = Release|iPhone
		{151CD863-05DE-45E5-AC97-8934EB5EAAFE}.Release|ARM.ActiveCfg = Release|iPhone
		{151CD863-05DE-45E5-AC97-8934EB5EAAFE}.Release|ARM.Build.0 = Release|iPhone
		{151CD863-05DE-45E5-AC97-8934EB5EAAFE}.Release|ARM.Deploy.0 = Release|iPhone
		{151CD863-05DE-45E5-AC97-8934EB5EAAFE}.Release|iPhone.ActiveCfg = Release|iPhone
		{151CD863-05DE-45E5-AC97-8934EB5EAAFE}.Release|iPhone.Build.0 = Release|iPhone
		{151CD863-05DE-45E5-AC97-8934EB5EAAFE}.Release|iPhone.Deploy.0 = Release|iPhone
		{151CD863-05DE-45E5-AC97-8934EB5EAAFE}.Release|iPhoneSimulator.ActiveCfg = Release|iPhoneSimulator
		{151CD863-05DE-45E5-AC97-8934EB5EAAFE}.Release|iPhoneSimulator.Build.0 = Release|iPhoneSimulator
		{151CD863-05DE-45E5-AC97-8934EB5EAAFE}.Release|iPhoneSimulator.Deploy.0 = Release|iPhoneSimulator
		{151CD863-05DE-45E5-AC97-8934EB5EAAFE}.Release|x64.ActiveCfg = Release|iPhone
		{151CD863-05DE-45E5-AC97-8934EB5EAAFE}.Release|x64.Build.0 = Release|iPhone
		{151CD863-05DE-45E5-AC97-8934EB5EAAFE}.Release|x64.Deploy.0 = Release|iPhone
		{151CD863-05DE-45E5-AC97-8934EB5EAAFE}.Release|x86.ActiveCfg = Release|iPhone
		{151CD863-05DE-45E5-AC97-8934EB5EAAFE}.Release|x86.Build.0 = Release|iPhone
		{151CD863-05DE-45E5-AC97-8934EB5EAAFE}.Release|x86.Deploy.0 = Release|iPhone
		{151CD863-05DE-45E5-AC97-8934EB5EAAFE}.Release-xml|Any CPU.ActiveCfg = AppStore|iPhone
		{151CD863-05DE-45E5-AC97-8934EB5EAAFE}.Release-xml|Any CPU.Build.0 = AppStore|iPhone
		{151CD863-05DE-45E5-AC97-8934EB5EAAFE}.Release-xml|ARM.ActiveCfg = AppStore|iPhone
		{151CD863-05DE-45E5-AC97-8934EB5EAAFE}.Release-xml|ARM.Build.0 = AppStore|iPhone
		{151CD863-05DE-45E5-AC97-8934EB5EAAFE}.Release-xml|iPhone.ActiveCfg = Release|iPhone
		{151CD863-05DE-45E5-AC97-8934EB5EAAFE}.Release-xml|iPhone.Build.0 = Release|iPhone
		{151CD863-05DE-45E5-AC97-8934EB5EAAFE}.Release-xml|iPhoneSimulator.ActiveCfg = Release|iPhoneSimulator
		{151CD863-05DE-45E5-AC97-8934EB5EAAFE}.Release-xml|iPhoneSimulator.Build.0 = Release|iPhoneSimulator
		{151CD863-05DE-45E5-AC97-8934EB5EAAFE}.Release-xml|x64.ActiveCfg = AppStore|iPhone
		{151CD863-05DE-45E5-AC97-8934EB5EAAFE}.Release-xml|x64.Build.0 = AppStore|iPhone
		{151CD863-05DE-45E5-AC97-8934EB5EAAFE}.Release-xml|x86.ActiveCfg = AppStore|iPhone
		{151CD863-05DE-45E5-AC97-8934EB5EAAFE}.Release-xml|x86.Build.0 = AppStore|iPhone
		{2908BFC4-5F00-4BF7-A880-DC9EB88AB4AD}.Ad-Hoc|Any CPU.ActiveCfg = Release|x86
		{2908BFC4-5F00-4BF7-A880-DC9EB88AB4AD}.Ad-Hoc|Any CPU.Build.0 = Release|x86
		{2908BFC4-5F00-4BF7-A880-DC9EB88AB4AD}.Ad-Hoc|Any CPU.Deploy.0 = Release|x86
		{2908BFC4-5F00-4BF7-A880-DC9EB88AB4AD}.Ad-Hoc|ARM.ActiveCfg = Release|ARM
		{2908BFC4-5F00-4BF7-A880-DC9EB88AB4AD}.Ad-Hoc|ARM.Build.0 = Release|ARM
		{2908BFC4-5F00-4BF7-A880-DC9EB88AB4AD}.Ad-Hoc|ARM.Deploy.0 = Release|ARM
		{2908BFC4-5F00-4BF7-A880-DC9EB88AB4AD}.Ad-Hoc|iPhone.ActiveCfg = Release|x86
		{2908BFC4-5F00-4BF7-A880-DC9EB88AB4AD}.Ad-Hoc|iPhone.Build.0 = Release|x86
		{2908BFC4-5F00-4BF7-A880-DC9EB88AB4AD}.Ad-Hoc|iPhone.Deploy.0 = Release|x86
		{2908BFC4-5F00-4BF7-A880-DC9EB88AB4AD}.Ad-Hoc|iPhoneSimulator.ActiveCfg = Release|x86
		{2908BFC4-5F00-4BF7-A880-DC9EB88AB4AD}.Ad-Hoc|iPhoneSimulator.Build.0 = Release|x86
		{2908BFC4-5F00-4BF7-A880-DC9EB88AB4AD}.Ad-Hoc|iPhoneSimulator.Deploy.0 = Release|x86
		{2908BFC4-5F00-4BF7-A880-DC9EB88AB4AD}.Ad-Hoc|x64.ActiveCfg = Release|x64
		{2908BFC4-5F00-4BF7-A880-DC9EB88AB4AD}.Ad-Hoc|x64.Build.0 = Release|x64
		{2908BFC4-5F00-4BF7-A880-DC9EB88AB4AD}.Ad-Hoc|x64.Deploy.0 = Release|x64
		{2908BFC4-5F00-4BF7-A880-DC9EB88AB4AD}.Ad-Hoc|x86.ActiveCfg = Release|x86
		{2908BFC4-5F00-4BF7-A880-DC9EB88AB4AD}.Ad-Hoc|x86.Build.0 = Release|x86
		{2908BFC4-5F00-4BF7-A880-DC9EB88AB4AD}.Ad-Hoc|x86.Deploy.0 = Release|x86
		{2908BFC4-5F00-4BF7-A880-DC9EB88AB4AD}.AppStore|Any CPU.ActiveCfg = Release|x86
		{2908BFC4-5F00-4BF7-A880-DC9EB88AB4AD}.AppStore|Any CPU.Build.0 = Release|x86
		{2908BFC4-5F00-4BF7-A880-DC9EB88AB4AD}.AppStore|Any CPU.Deploy.0 = Release|x86
		{2908BFC4-5F00-4BF7-A880-DC9EB88AB4AD}.AppStore|ARM.ActiveCfg = Release|ARM
		{2908BFC4-5F00-4BF7-A880-DC9EB88AB4AD}.AppStore|ARM.Build.0 = Release|ARM
		{2908BFC4-5F00-4BF7-A880-DC9EB88AB4AD}.AppStore|ARM.Deploy.0 = Release|ARM
		{2908BFC4-5F00-4BF7-A880-DC9EB88AB4AD}.AppStore|iPhone.ActiveCfg = Release|x86
		{2908BFC4-5F00-4BF7-A880-DC9EB88AB4AD}.AppStore|iPhone.Build.0 = Release|x86
		{2908BFC4-5F00-4BF7-A880-DC9EB88AB4AD}.AppStore|iPhone.Deploy.0 = Release|x86
		{2908BFC4-5F00-4BF7-A880-DC9EB88AB4AD}.AppStore|iPhoneSimulator.ActiveCfg = Release|x86
		{2908BFC4-5F00-4BF7-A880-DC9EB88AB4AD}.AppStore|iPhoneSimulator.Build.0 = Release|x86
		{2908BFC4-5F00-4BF7-A880-DC9EB88AB4AD}.AppStore|iPhoneSimulator.Deploy.0 = Release|x86
		{2908BFC4-5F00-4BF7-A880-DC9EB88AB4AD}.AppStore|x64.ActiveCfg = Release|x64
		{2908BFC4-5F00-4BF7-A880-DC9EB88AB4AD}.AppStore|x64.Build.0 = Release|x64
		{2908BFC4-5F00-4BF7-A880-DC9EB88AB4AD}.AppStore|x64.Deploy.0 = Release|x64
		{2908BFC4-5F00-4BF7-A880-DC9EB88AB4AD}.AppStore|x86.ActiveCfg = Release|x86
		{2908BFC4-5F00-4BF7-A880-DC9EB88AB4AD}.AppStore|x86.Build.0 = Release|x86
		{2908BFC4-5F00-4BF7-A880-DC9EB88AB4AD}.AppStore|x86.Deploy.0 = Release|x86
		{2908BFC4-5F00-4BF7-A880-DC9EB88AB4AD}.Debug|Any CPU.ActiveCfg = Debug|x86
		{2908BFC4-5F00-4BF7-A880-DC9EB88AB4AD}.Debug|Any CPU.Build.0 = Debug|x86
		{2908BFC4-5F00-4BF7-A880-DC9EB88AB4AD}.Debug|Any CPU.Deploy.0 = Debug|x86
		{2908BFC4-5F00-4BF7-A880-DC9EB88AB4AD}.Debug|ARM.ActiveCfg = Debug|ARM
		{2908BFC4-5F00-4BF7-A880-DC9EB88AB4AD}.Debug|ARM.Build.0 = Debug|ARM
		{2908BFC4-5F00-4BF7-A880-DC9EB88AB4AD}.Debug|ARM.Deploy.0 = Debug|ARM
		{2908BFC4-5F00-4BF7-A880-DC9EB88AB4AD}.Debug|iPhone.ActiveCfg = Debug|x86
		{2908BFC4-5F00-4BF7-A880-DC9EB88AB4AD}.Debug|iPhone.Build.0 = Debug|x86
		{2908BFC4-5F00-4BF7-A880-DC9EB88AB4AD}.Debug|iPhone.Deploy.0 = Debug|x86
		{2908BFC4-5F00-4BF7-A880-DC9EB88AB4AD}.Debug|iPhoneSimulator.ActiveCfg = Debug|x86
		{2908BFC4-5F00-4BF7-A880-DC9EB88AB4AD}.Debug|iPhoneSimulator.Build.0 = Debug|x86
		{2908BFC4-5F00-4BF7-A880-DC9EB88AB4AD}.Debug|iPhoneSimulator.Deploy.0 = Debug|x86
		{2908BFC4-5F00-4BF7-A880-DC9EB88AB4AD}.Debug|x64.ActiveCfg = Debug|x64
		{2908BFC4-5F00-4BF7-A880-DC9EB88AB4AD}.Debug|x64.Build.0 = Debug|x64
		{2908BFC4-5F00-4BF7-A880-DC9EB88AB4AD}.Debug|x64.Deploy.0 = Debug|x64
		{2908BFC4-5F00-4BF7-A880-DC9EB88AB4AD}.Debug|x86.ActiveCfg = Debug|x86
		{2908BFC4-5F00-4BF7-A880-DC9EB88AB4AD}.Debug|x86.Build.0 = Debug|x86
		{2908BFC4-5F00-4BF7-A880-DC9EB88AB4AD}.Debug|x86.Deploy.0 = Debug|x86
		{2908BFC4-5F00-4BF7-A880-DC9EB88AB4AD}.Release|Any CPU.ActiveCfg = Release|x86
		{2908BFC4-5F00-4BF7-A880-DC9EB88AB4AD}.Release|Any CPU.Build.0 = Release|x86
		{2908BFC4-5F00-4BF7-A880-DC9EB88AB4AD}.Release|Any CPU.Deploy.0 = Release|x86
		{2908BFC4-5F00-4BF7-A880-DC9EB88AB4AD}.Release|ARM.ActiveCfg = Release|ARM
		{2908BFC4-5F00-4BF7-A880-DC9EB88AB4AD}.Release|ARM.Build.0 = Release|ARM
		{2908BFC4-5F00-4BF7-A880-DC9EB88AB4AD}.Release|ARM.Deploy.0 = Release|ARM
		{2908BFC4-5F00-4BF7-A880-DC9EB88AB4AD}.Release|iPhone.ActiveCfg = Release|x86
		{2908BFC4-5F00-4BF7-A880-DC9EB88AB4AD}.Release|iPhone.Build.0 = Release|x86
		{2908BFC4-5F00-4BF7-A880-DC9EB88AB4AD}.Release|iPhone.Deploy.0 = Release|x86
		{2908BFC4-5F00-4BF7-A880-DC9EB88AB4AD}.Release|iPhoneSimulator.ActiveCfg = Release|x86
		{2908BFC4-5F00-4BF7-A880-DC9EB88AB4AD}.Release|iPhoneSimulator.Build.0 = Release|x86
		{2908BFC4-5F00-4BF7-A880-DC9EB88AB4AD}.Release|iPhoneSimulator.Deploy.0 = Release|x86
		{2908BFC4-5F00-4BF7-A880-DC9EB88AB4AD}.Release|x64.ActiveCfg = Release|x64
		{2908BFC4-5F00-4BF7-A880-DC9EB88AB4AD}.Release|x64.Build.0 = Release|x64
		{2908BFC4-5F00-4BF7-A880-DC9EB88AB4AD}.Release|x64.Deploy.0 = Release|x64
		{2908BFC4-5F00-4BF7-A880-DC9EB88AB4AD}.Release|x86.ActiveCfg = Release|x86
		{2908BFC4-5F00-4BF7-A880-DC9EB88AB4AD}.Release|x86.Build.0 = Release|x86
		{2908BFC4-5F00-4BF7-A880-DC9EB88AB4AD}.Release|x86.Deploy.0 = Release|x86
		{2908BFC4-5F00-4BF7-A880-DC9EB88AB4AD}.Release-xml|Any CPU.ActiveCfg = Release|x86
		{2908BFC4-5F00-4BF7-A880-DC9EB88AB4AD}.Release-xml|Any CPU.Build.0 = Release|x86
		{2908BFC4-5F00-4BF7-A880-DC9EB88AB4AD}.Release-xml|Any CPU.Deploy.0 = Release|x86
		{2908BFC4-5F00-4BF7-A880-DC9EB88AB4AD}.Release-xml|ARM.ActiveCfg = Release|ARM
		{2908BFC4-5F00-4BF7-A880-DC9EB88AB4AD}.Release-xml|ARM.Build.0 = Release|ARM
		{2908BFC4-5F00-4BF7-A880-DC9EB88AB4AD}.Release-xml|ARM.Deploy.0 = Release|ARM
		{2908BFC4-5F00-4BF7-A880-DC9EB88AB4AD}.Release-xml|iPhone.ActiveCfg = Release|x86
		{2908BFC4-5F00-4BF7-A880-DC9EB88AB4AD}.Release-xml|iPhone.Build.0 = Release|x86
		{2908BFC4-5F00-4BF7-A880-DC9EB88AB4AD}.Release-xml|iPhone.Deploy.0 = Release|x86
		{2908BFC4-5F00-4BF7-A880-DC9EB88AB4AD}.Release-xml|iPhoneSimulator.ActiveCfg = Release|x86
		{2908BFC4-5F00-4BF7-A880-DC9EB88AB4AD}.Release-xml|iPhoneSimulator.Build.0 = Release|x86
		{2908BFC4-5F00-4BF7-A880-DC9EB88AB4AD}.Release-xml|iPhoneSimulator.Deploy.0 = Release|x86
		{2908BFC4-5F00-4BF7-A880-DC9EB88AB4AD}.Release-xml|x64.ActiveCfg = Release|x64
		{2908BFC4-5F00-4BF7-A880-DC9EB88AB4AD}.Release-xml|x64.Build.0 = Release|x64
		{2908BFC4-5F00-4BF7-A880-DC9EB88AB4AD}.Release-xml|x64.Deploy.0 = Release|x64
		{2908BFC4-5F00-4BF7-A880-DC9EB88AB4AD}.Release-xml|x86.ActiveCfg = Release|x86
		{2908BFC4-5F00-4BF7-A880-DC9EB88AB4AD}.Release-xml|x86.Build.0 = Release|x86
		{2908BFC4-5F00-4BF7-A880-DC9EB88AB4AD}.Release-xml|x86.Deploy.0 = Release|x86
		{DFE377BF-9366-4310-AAD6-7619F17BAAA0}.Ad-Hoc|Any CPU.ActiveCfg = Debug|Any CPU
		{DFE377BF-9366-4310-AAD6-7619F17BAAA0}.Ad-Hoc|Any CPU.Build.0 = Debug|Any CPU
		{DFE377BF-9366-4310-AAD6-7619F17BAAA0}.Ad-Hoc|Any CPU.Deploy.0 = Debug|Any CPU
		{DFE377BF-9366-4310-AAD6-7619F17BAAA0}.Ad-Hoc|ARM.ActiveCfg = Debug|Any CPU
		{DFE377BF-9366-4310-AAD6-7619F17BAAA0}.Ad-Hoc|ARM.Build.0 = Debug|Any CPU
		{DFE377BF-9366-4310-AAD6-7619F17BAAA0}.Ad-Hoc|ARM.Deploy.0 = Debug|Any CPU
		{DFE377BF-9366-4310-AAD6-7619F17BAAA0}.Ad-Hoc|iPhone.ActiveCfg = Debug|Any CPU
		{DFE377BF-9366-4310-AAD6-7619F17BAAA0}.Ad-Hoc|iPhone.Build.0 = Debug|Any CPU
		{DFE377BF-9366-4310-AAD6-7619F17BAAA0}.Ad-Hoc|iPhone.Deploy.0 = Debug|Any CPU
		{DFE377BF-9366-4310-AAD6-7619F17BAAA0}.Ad-Hoc|iPhoneSimulator.ActiveCfg = Debug|Any CPU
		{DFE377BF-9366-4310-AAD6-7619F17BAAA0}.Ad-Hoc|iPhoneSimulator.Build.0 = Debug|Any CPU
		{DFE377BF-9366-4310-AAD6-7619F17BAAA0}.Ad-Hoc|iPhoneSimulator.Deploy.0 = Debug|Any CPU
		{DFE377BF-9366-4310-AAD6-7619F17BAAA0}.Ad-Hoc|x64.ActiveCfg = Debug|Any CPU
		{DFE377BF-9366-4310-AAD6-7619F17BAAA0}.Ad-Hoc|x64.Build.0 = Debug|Any CPU
		{DFE377BF-9366-4310-AAD6-7619F17BAAA0}.Ad-Hoc|x64.Deploy.0 = Debug|Any CPU
		{DFE377BF-9366-4310-AAD6-7619F17BAAA0}.Ad-Hoc|x86.ActiveCfg = Debug|Any CPU
		{DFE377BF-9366-4310-AAD6-7619F17BAAA0}.Ad-Hoc|x86.Build.0 = Debug|Any CPU
		{DFE377BF-9366-4310-AAD6-7619F17BAAA0}.Ad-Hoc|x86.Deploy.0 = Debug|Any CPU
		{DFE377BF-9366-4310-AAD6-7619F17BAAA0}.AppStore|Any CPU.ActiveCfg = Debug|Any CPU
		{DFE377BF-9366-4310-AAD6-7619F17BAAA0}.AppStore|Any CPU.Build.0 = Debug|Any CPU
		{DFE377BF-9366-4310-AAD6-7619F17BAAA0}.AppStore|Any CPU.Deploy.0 = Debug|Any CPU
		{DFE377BF-9366-4310-AAD6-7619F17BAAA0}.AppStore|ARM.ActiveCfg = Debug|Any CPU
		{DFE377BF-9366-4310-AAD6-7619F17BAAA0}.AppStore|ARM.Build.0 = Debug|Any CPU
		{DFE377BF-9366-4310-AAD6-7619F17BAAA0}.AppStore|ARM.Deploy.0 = Debug|Any CPU
		{DFE377BF-9366-4310-AAD6-7619F17BAAA0}.AppStore|iPhone.ActiveCfg = Debug|Any CPU
		{DFE377BF-9366-4310-AAD6-7619F17BAAA0}.AppStore|iPhone.Build.0 = Debug|Any CPU
		{DFE377BF-9366-4310-AAD6-7619F17BAAA0}.AppStore|iPhone.Deploy.0 = Debug|Any CPU
		{DFE377BF-9366-4310-AAD6-7619F17BAAA0}.AppStore|iPhoneSimulator.ActiveCfg = Debug|Any CPU
		{DFE377BF-9366-4310-AAD6-7619F17BAAA0}.AppStore|iPhoneSimulator.Build.0 = Debug|Any CPU
		{DFE377BF-9366-4310-AAD6-7619F17BAAA0}.AppStore|iPhoneSimulator.Deploy.0 = Debug|Any CPU
		{DFE377BF-9366-4310-AAD6-7619F17BAAA0}.AppStore|x64.ActiveCfg = Debug|Any CPU
		{DFE377BF-9366-4310-AAD6-7619F17BAAA0}.AppStore|x64.Build.0 = Debug|Any CPU
		{DFE377BF-9366-4310-AAD6-7619F17BAAA0}.AppStore|x64.Deploy.0 = Debug|Any CPU
		{DFE377BF-9366-4310-AAD6-7619F17BAAA0}.AppStore|x86.ActiveCfg = Debug|Any CPU
		{DFE377BF-9366-4310-AAD6-7619F17BAAA0}.AppStore|x86.Build.0 = Debug|Any CPU
		{DFE377BF-9366-4310-AAD6-7619F17BAAA0}.AppStore|x86.Deploy.0 = Debug|Any CPU
		{DFE377BF-9366-4310-AAD6-7619F17BAAA0}.Debug|Any CPU.ActiveCfg = Debug|Any CPU
		{DFE377BF-9366-4310-AAD6-7619F17BAAA0}.Debug|Any CPU.Build.0 = Debug|Any CPU
		{DFE377BF-9366-4310-AAD6-7619F17BAAA0}.Debug|Any CPU.Deploy.0 = Debug|Any CPU
		{DFE377BF-9366-4310-AAD6-7619F17BAAA0}.Debug|ARM.ActiveCfg = Debug|Any CPU
		{DFE377BF-9366-4310-AAD6-7619F17BAAA0}.Debug|ARM.Build.0 = Debug|Any CPU
		{DFE377BF-9366-4310-AAD6-7619F17BAAA0}.Debug|ARM.Deploy.0 = Debug|Any CPU
		{DFE377BF-9366-4310-AAD6-7619F17BAAA0}.Debug|iPhone.ActiveCfg = Debug|Any CPU
		{DFE377BF-9366-4310-AAD6-7619F17BAAA0}.Debug|iPhone.Build.0 = Debug|Any CPU
		{DFE377BF-9366-4310-AAD6-7619F17BAAA0}.Debug|iPhone.Deploy.0 = Debug|Any CPU
		{DFE377BF-9366-4310-AAD6-7619F17BAAA0}.Debug|iPhoneSimulator.ActiveCfg = Debug|Any CPU
		{DFE377BF-9366-4310-AAD6-7619F17BAAA0}.Debug|iPhoneSimulator.Build.0 = Debug|Any CPU
		{DFE377BF-9366-4310-AAD6-7619F17BAAA0}.Debug|iPhoneSimulator.Deploy.0 = Debug|Any CPU
		{DFE377BF-9366-4310-AAD6-7619F17BAAA0}.Debug|x64.ActiveCfg = Debug|Any CPU
		{DFE377BF-9366-4310-AAD6-7619F17BAAA0}.Debug|x64.Build.0 = Debug|Any CPU
		{DFE377BF-9366-4310-AAD6-7619F17BAAA0}.Debug|x64.Deploy.0 = Debug|Any CPU
		{DFE377BF-9366-4310-AAD6-7619F17BAAA0}.Debug|x86.ActiveCfg = Debug|Any CPU
		{DFE377BF-9366-4310-AAD6-7619F17BAAA0}.Debug|x86.Build.0 = Debug|Any CPU
		{DFE377BF-9366-4310-AAD6-7619F17BAAA0}.Debug|x86.Deploy.0 = Debug|Any CPU
		{DFE377BF-9366-4310-AAD6-7619F17BAAA0}.Release|Any CPU.ActiveCfg = Release|Any CPU
		{DFE377BF-9366-4310-AAD6-7619F17BAAA0}.Release|Any CPU.Build.0 = Release|Any CPU
		{DFE377BF-9366-4310-AAD6-7619F17BAAA0}.Release|Any CPU.Deploy.0 = Release|Any CPU
		{DFE377BF-9366-4310-AAD6-7619F17BAAA0}.Release|ARM.ActiveCfg = Release|Any CPU
		{DFE377BF-9366-4310-AAD6-7619F17BAAA0}.Release|ARM.Build.0 = Release|Any CPU
		{DFE377BF-9366-4310-AAD6-7619F17BAAA0}.Release|ARM.Deploy.0 = Release|Any CPU
		{DFE377BF-9366-4310-AAD6-7619F17BAAA0}.Release|iPhone.ActiveCfg = Release|Any CPU
		{DFE377BF-9366-4310-AAD6-7619F17BAAA0}.Release|iPhone.Build.0 = Release|Any CPU
		{DFE377BF-9366-4310-AAD6-7619F17BAAA0}.Release|iPhone.Deploy.0 = Release|Any CPU
		{DFE377BF-9366-4310-AAD6-7619F17BAAA0}.Release|iPhoneSimulator.ActiveCfg = Release|Any CPU
		{DFE377BF-9366-4310-AAD6-7619F17BAAA0}.Release|iPhoneSimulator.Build.0 = Release|Any CPU
		{DFE377BF-9366-4310-AAD6-7619F17BAAA0}.Release|iPhoneSimulator.Deploy.0 = Release|Any CPU
		{DFE377BF-9366-4310-AAD6-7619F17BAAA0}.Release|x64.ActiveCfg = Release|Any CPU
		{DFE377BF-9366-4310-AAD6-7619F17BAAA0}.Release|x64.Build.0 = Release|Any CPU
		{DFE377BF-9366-4310-AAD6-7619F17BAAA0}.Release|x64.Deploy.0 = Release|Any CPU
		{DFE377BF-9366-4310-AAD6-7619F17BAAA0}.Release|x86.ActiveCfg = Release|Any CPU
		{DFE377BF-9366-4310-AAD6-7619F17BAAA0}.Release|x86.Build.0 = Release|Any CPU
		{DFE377BF-9366-4310-AAD6-7619F17BAAA0}.Release|x86.Deploy.0 = Release|Any CPU
		{DFE377BF-9366-4310-AAD6-7619F17BAAA0}.Release-xml|Any CPU.ActiveCfg = Release|Any CPU
		{DFE377BF-9366-4310-AAD6-7619F17BAAA0}.Release-xml|Any CPU.Build.0 = Release|Any CPU
		{DFE377BF-9366-4310-AAD6-7619F17BAAA0}.Release-xml|ARM.ActiveCfg = Release|Any CPU
		{DFE377BF-9366-4310-AAD6-7619F17BAAA0}.Release-xml|ARM.Build.0 = Release|Any CPU
		{DFE377BF-9366-4310-AAD6-7619F17BAAA0}.Release-xml|iPhone.ActiveCfg = Release|Any CPU
		{DFE377BF-9366-4310-AAD6-7619F17BAAA0}.Release-xml|iPhone.Build.0 = Release|Any CPU
		{DFE377BF-9366-4310-AAD6-7619F17BAAA0}.Release-xml|iPhoneSimulator.ActiveCfg = Release|Any CPU
		{DFE377BF-9366-4310-AAD6-7619F17BAAA0}.Release-xml|iPhoneSimulator.Build.0 = Release|Any CPU
		{DFE377BF-9366-4310-AAD6-7619F17BAAA0}.Release-xml|x64.ActiveCfg = Release|Any CPU
		{DFE377BF-9366-4310-AAD6-7619F17BAAA0}.Release-xml|x64.Build.0 = Release|Any CPU
		{DFE377BF-9366-4310-AAD6-7619F17BAAA0}.Release-xml|x86.ActiveCfg = Release|Any CPU
		{DFE377BF-9366-4310-AAD6-7619F17BAAA0}.Release-xml|x86.Build.0 = Release|Any CPU
	EndGlobalSection
	GlobalSection(SolutionProperties) = preSolution
		HideSolutionNode = FALSE
	EndGlobalSection
	GlobalSection(ExtensibilityGlobals) = postSolution
		SolutionGuid = {6F4425DD-0C27-4E4A-AC6C-26852E343AFF}
	EndGlobalSection
EndGlobal
